// !$*UTF8*$!
{
	archiveVersion = 1;
	classes = {
	};
	objectVersion = 54;
	objects = {

/* Begin PBXBuildFile section */
		00E356F31AD99517003FC87E /* AlinmaPayTests.m in Sources */ = {isa = PBXBuildFile; fileRef = 00E356F21AD99517003FC87E /* AlinmaPayTests.m */; };
		05743083DA30AEE5302DF8EA /* libPods-AlinmaPay-AlinmaPayPreProd.a in Frameworks */ = {isa = PBXBuildFile; fileRef = C80D74D62CF293A06AE7A27D /* libPods-AlinmaPay-AlinmaPayPreProd.a */; };
		0C80B921A6F3F58F76C31292 /* BuildFile in Frameworks */ = {isa = PBXBuildFile; };
		13B07FBC1A68108700A75B9A /* AppDelegate.mm in Sources */ = {isa = PBXBuildFile; fileRef = 13B07FB01A68108700A75B9A /* AppDelegate.mm */; };
		13B07FBF1A68108700A75B9A /* Images.xcassets in Resources */ = {isa = PBXBuildFile; fileRef = 13B07FB51A68108700A75B9A /* Images.xcassets */; };
		13B07FC11A68108700A75B9A /* main.m in Sources */ = {isa = PBXBuildFile; fileRef = 13B07FB71A68108700A75B9A /* main.m */; };
		18A65E408D964C9CAE8F4DD1 /* Inter-Medium.ttf in Resources */ = {isa = PBXBuildFile; fileRef = 023486D0396B4EAFAC5BE272 /* Inter-Medium.ttf */; };
		26A7B39A766C4569853BAB42 /* Inter-SemiBold.ttf in Resources */ = {isa = PBXBuildFile; fileRef = 7816505103CB41729426DCD0 /* Inter-SemiBold.ttf */; };
		2C04C185CC9742D8BB325DF0 /* Inter-Bold.ttf in Resources */ = {isa = PBXBuildFile; fileRef = 5D111001238F4D92A9D19D79 /* Inter-Bold.ttf */; };
		2E5C7404DAE24F10A445F231 /* Inter-ExtraLight.ttf in Resources */ = {isa = PBXBuildFile; fileRef = B4F10BB507D044AF87ECC3EB /* Inter-ExtraLight.ttf */; };
		3235ED9E2C89F38300D17AEE /* AppleWallet.m in Sources */ = {isa = PBXBuildFile; fileRef = 3235ED9C2C89F38300D17AEE /* AppleWallet.m */; };
		3235ED9F2C89F38300D17AEE /* AppleWallet.m in Sources */ = {isa = PBXBuildFile; fileRef = 3235ED9C2C89F38300D17AEE /* AppleWallet.m */; };
		3235EDA02C89F38300D17AEE /* AppleWallet.m in Sources */ = {isa = PBXBuildFile; fileRef = 3235ED9C2C89F38300D17AEE /* AppleWallet.m */; };
		3235EDA12C89F38300D17AEE /* AppleWallet.m in Sources */ = {isa = PBXBuildFile; fileRef = 3235ED9C2C89F38300D17AEE /* AppleWallet.m */; };
		3235EDA22C89F38300D17AEE /* AppleWallet.m in Sources */ = {isa = PBXBuildFile; fileRef = 3235ED9C2C89F38300D17AEE /* AppleWallet.m */; };
		3235EDA32C89F38300D17AEE /* AppleWallet.m in Sources */ = {isa = PBXBuildFile; fileRef = 3235ED9C2C89F38300D17AEE /* AppleWallet.m */; };
		7D0B60EF3255431E8EAEEA32 /* Inter-Thin.ttf in Resources */ = {isa = PBXBuildFile; fileRef = D6F93B09F2E64DF2B10E5362 /* Inter-Thin.ttf */; };
		81AB9BB82411601600AC10FF /* LaunchScreen.storyboard in Resources */ = {isa = PBXBuildFile; fileRef = 81AB9BB72411601600AC10FF /* LaunchScreen.storyboard */; };
		8268E151AEEA4E8C88A4571E /* Inter-ExtraBold.ttf in Resources */ = {isa = PBXBuildFile; fileRef = F788550565824088AB56A5DE /* Inter-ExtraBold.ttf */; };
		83583305F96ABD33B48AE8B9 /* libPods-AlinmaPay-AlinmaPayTests.a in Frameworks */ = {isa = PBXBuildFile; fileRef = 496C2CF91451E7C9036BB5E6 /* libPods-AlinmaPay-AlinmaPayTests.a */; };
		84267A802BC1AFA20024F0EA /* AppDelegate.mm in Sources */ = {isa = PBXBuildFile; fileRef = 13B07FB01A68108700A75B9A /* AppDelegate.mm */; };
		84267A812BC1AFA20024F0EA /* main.m in Sources */ = {isa = PBXBuildFile; fileRef = 13B07FB71A68108700A75B9A /* main.m */; };
		84267A852BC1AFA20024F0EA /* LaunchScreen.storyboard in Resources */ = {isa = PBXBuildFile; fileRef = 81AB9BB72411601600AC10FF /* LaunchScreen.storyboard */; };
		84267A862BC1AFA20024F0EA /* Images.xcassets in Resources */ = {isa = PBXBuildFile; fileRef = 13B07FB51A68108700A75B9A /* Images.xcassets */; };
		84267A922BC1B5C00024F0EA /* AppDelegate.mm in Sources */ = {isa = PBXBuildFile; fileRef = 13B07FB01A68108700A75B9A /* AppDelegate.mm */; };
		84267A932BC1B5C00024F0EA /* main.m in Sources */ = {isa = PBXBuildFile; fileRef = 13B07FB71A68108700A75B9A /* main.m */; };
		84267A972BC1B5C00024F0EA /* LaunchScreen.storyboard in Resources */ = {isa = PBXBuildFile; fileRef = 81AB9BB72411601600AC10FF /* LaunchScreen.storyboard */; };
		84267A982BC1B5C00024F0EA /* Images.xcassets in Resources */ = {isa = PBXBuildFile; fileRef = 13B07FB51A68108700A75B9A /* Images.xcassets */; };
		84267AA42BC1B65E0024F0EA /* AppDelegate.mm in Sources */ = {isa = PBXBuildFile; fileRef = 13B07FB01A68108700A75B9A /* AppDelegate.mm */; };
		84267AA52BC1B65E0024F0EA /* main.m in Sources */ = {isa = PBXBuildFile; fileRef = 13B07FB71A68108700A75B9A /* main.m */; };
		84267AA92BC1B65E0024F0EA /* LaunchScreen.storyboard in Resources */ = {isa = PBXBuildFile; fileRef = 81AB9BB72411601600AC10FF /* LaunchScreen.storyboard */; };
		84267AAA2BC1B65E0024F0EA /* Images.xcassets in Resources */ = {isa = PBXBuildFile; fileRef = 13B07FB51A68108700A75B9A /* Images.xcassets */; };
		84267AB62BC1B6D20024F0EA /* AppDelegate.mm in Sources */ = {isa = PBXBuildFile; fileRef = 13B07FB01A68108700A75B9A /* AppDelegate.mm */; };
		84267AB72BC1B6D20024F0EA /* main.m in Sources */ = {isa = PBXBuildFile; fileRef = 13B07FB71A68108700A75B9A /* main.m */; };
		84267ABB2BC1B6D20024F0EA /* LaunchScreen.storyboard in Resources */ = {isa = PBXBuildFile; fileRef = 81AB9BB72411601600AC10FF /* LaunchScreen.storyboard */; };
		84267ABC2BC1B6D20024F0EA /* Images.xcassets in Resources */ = {isa = PBXBuildFile; fileRef = 13B07FB51A68108700A75B9A /* Images.xcassets */; };
		8CADE766AF4C420BA1492294 /* Inter-Regular.ttf in Resources */ = {isa = PBXBuildFile; fileRef = DFDC896BF580482599405916 /* Inter-Regular.ttf */; };
		A6BD8C097B46A5C433FEC485 /* libPods-AlinmaPay-AlinmaPayDev.a in Frameworks */ = {isa = PBXBuildFile; fileRef = 56C324C55E3560434E696B98 /* libPods-AlinmaPay-AlinmaPayDev.a */; };
		A8FFDF2BE678472D9F5A9EEA /* Inter-Black.ttf in Resources */ = {isa = PBXBuildFile; fileRef = 9773F1C361D14BC09B50C2E9 /* Inter-Black.ttf */; };
		B57110792C64DF4F00EC057A /* Inter-Black.ttf in Resources */ = {isa = PBXBuildFile; fileRef = 9773F1C361D14BC09B50C2E9 /* Inter-Black.ttf */; };
		B571107A2C64DF4F00EC057A /* Inter-Bold.ttf in Resources */ = {isa = PBXBuildFile; fileRef = 5D111001238F4D92A9D19D79 /* Inter-Bold.ttf */; };
		B571107B2C64DF4F00EC057A /* Inter-ExtraBold.ttf in Resources */ = {isa = PBXBuildFile; fileRef = F788550565824088AB56A5DE /* Inter-ExtraBold.ttf */; };
		B571107C2C64DF4F00EC057A /* Inter-ExtraLight.ttf in Resources */ = {isa = PBXBuildFile; fileRef = B4F10BB507D044AF87ECC3EB /* Inter-ExtraLight.ttf */; };
		B571107D2C64DF4F00EC057A /* Inter-Light.ttf in Resources */ = {isa = PBXBuildFile; fileRef = 8AECBB99D928415A9B1B1FE6 /* Inter-Light.ttf */; };
		B571107E2C64DF4F00EC057A /* Inter-Medium.ttf in Resources */ = {isa = PBXBuildFile; fileRef = 023486D0396B4EAFAC5BE272 /* Inter-Medium.ttf */; };
		B571107F2C64DF4F00EC057A /* Inter-Regular.ttf in Resources */ = {isa = PBXBuildFile; fileRef = DFDC896BF580482599405916 /* Inter-Regular.ttf */; };
		B57110802C64DF4F00EC057A /* Inter-SemiBold.ttf in Resources */ = {isa = PBXBuildFile; fileRef = 7816505103CB41729426DCD0 /* Inter-SemiBold.ttf */; };
		B57110812C64DF4F00EC057A /* Inter-Thin.ttf in Resources */ = {isa = PBXBuildFile; fileRef = D6F93B09F2E64DF2B10E5362 /* Inter-Thin.ttf */; };
		B57110822C64DF6600EC057A /* Inter-Black.ttf in Resources */ = {isa = PBXBuildFile; fileRef = 9773F1C361D14BC09B50C2E9 /* Inter-Black.ttf */; };
		B57110832C64DF6600EC057A /* Inter-Bold.ttf in Resources */ = {isa = PBXBuildFile; fileRef = 5D111001238F4D92A9D19D79 /* Inter-Bold.ttf */; };
		B57110842C64DF6600EC057A /* Inter-ExtraBold.ttf in Resources */ = {isa = PBXBuildFile; fileRef = F788550565824088AB56A5DE /* Inter-ExtraBold.ttf */; };
		B57110852C64DF6600EC057A /* Inter-ExtraLight.ttf in Resources */ = {isa = PBXBuildFile; fileRef = B4F10BB507D044AF87ECC3EB /* Inter-ExtraLight.ttf */; };
		B57110862C64DF6600EC057A /* Inter-Light.ttf in Resources */ = {isa = PBXBuildFile; fileRef = 8AECBB99D928415A9B1B1FE6 /* Inter-Light.ttf */; };
		B57110872C64DF6600EC057A /* Inter-Medium.ttf in Resources */ = {isa = PBXBuildFile; fileRef = 023486D0396B4EAFAC5BE272 /* Inter-Medium.ttf */; };
		B57110882C64DF6600EC057A /* Inter-Regular.ttf in Resources */ = {isa = PBXBuildFile; fileRef = DFDC896BF580482599405916 /* Inter-Regular.ttf */; };
		B57110892C64DF6600EC057A /* Inter-SemiBold.ttf in Resources */ = {isa = PBXBuildFile; fileRef = 7816505103CB41729426DCD0 /* Inter-SemiBold.ttf */; };
		B571108A2C64DF6600EC057A /* Inter-Thin.ttf in Resources */ = {isa = PBXBuildFile; fileRef = D6F93B09F2E64DF2B10E5362 /* Inter-Thin.ttf */; };
		B571108B2C64DF7200EC057A /* Inter-Black.ttf in Resources */ = {isa = PBXBuildFile; fileRef = 9773F1C361D14BC09B50C2E9 /* Inter-Black.ttf */; };
		B571108C2C64DF7200EC057A /* Inter-Bold.ttf in Resources */ = {isa = PBXBuildFile; fileRef = 5D111001238F4D92A9D19D79 /* Inter-Bold.ttf */; };
		B571108D2C64DF7200EC057A /* Inter-ExtraBold.ttf in Resources */ = {isa = PBXBuildFile; fileRef = F788550565824088AB56A5DE /* Inter-ExtraBold.ttf */; };
		B571108E2C64DF7200EC057A /* Inter-ExtraLight.ttf in Resources */ = {isa = PBXBuildFile; fileRef = B4F10BB507D044AF87ECC3EB /* Inter-ExtraLight.ttf */; };
		B571108F2C64DF7200EC057A /* Inter-Light.ttf in Resources */ = {isa = PBXBuildFile; fileRef = 8AECBB99D928415A9B1B1FE6 /* Inter-Light.ttf */; };
		B57110902C64DF7200EC057A /* Inter-Medium.ttf in Resources */ = {isa = PBXBuildFile; fileRef = 023486D0396B4EAFAC5BE272 /* Inter-Medium.ttf */; };
		B57110912C64DF7200EC057A /* Inter-Regular.ttf in Resources */ = {isa = PBXBuildFile; fileRef = DFDC896BF580482599405916 /* Inter-Regular.ttf */; };
		B57110922C64DF7200EC057A /* Inter-SemiBold.ttf in Resources */ = {isa = PBXBuildFile; fileRef = 7816505103CB41729426DCD0 /* Inter-SemiBold.ttf */; };
		B57110932C64DF7200EC057A /* Inter-Thin.ttf in Resources */ = {isa = PBXBuildFile; fileRef = D6F93B09F2E64DF2B10E5362 /* Inter-Thin.ttf */; };
		B57110942C64DFBA00EC057A /* Inter-Black.ttf in Resources */ = {isa = PBXBuildFile; fileRef = 9773F1C361D14BC09B50C2E9 /* Inter-Black.ttf */; };
		B57110952C64DFBA00EC057A /* Inter-Bold.ttf in Resources */ = {isa = PBXBuildFile; fileRef = 5D111001238F4D92A9D19D79 /* Inter-Bold.ttf */; };
		B57110962C64DFBA00EC057A /* Inter-ExtraBold.ttf in Resources */ = {isa = PBXBuildFile; fileRef = F788550565824088AB56A5DE /* Inter-ExtraBold.ttf */; };
		B57110972C64DFBA00EC057A /* Inter-ExtraLight.ttf in Resources */ = {isa = PBXBuildFile; fileRef = B4F10BB507D044AF87ECC3EB /* Inter-ExtraLight.ttf */; };
		B57110982C64DFBA00EC057A /* Inter-Light.ttf in Resources */ = {isa = PBXBuildFile; fileRef = 8AECBB99D928415A9B1B1FE6 /* Inter-Light.ttf */; };
		B57110992C64DFBA00EC057A /* Inter-Medium.ttf in Resources */ = {isa = PBXBuildFile; fileRef = 023486D0396B4EAFAC5BE272 /* Inter-Medium.ttf */; };
		B571109A2C64DFBA00EC057A /* Inter-Regular.ttf in Resources */ = {isa = PBXBuildFile; fileRef = DFDC896BF580482599405916 /* Inter-Regular.ttf */; };
		B571109B2C64DFBA00EC057A /* Inter-SemiBold.ttf in Resources */ = {isa = PBXBuildFile; fileRef = 7816505103CB41729426DCD0 /* Inter-SemiBold.ttf */; };
		B571109C2C64DFBA00EC057A /* Inter-Thin.ttf in Resources */ = {isa = PBXBuildFile; fileRef = D6F93B09F2E64DF2B10E5362 /* Inter-Thin.ttf */; };
		C168372C607FB1C4F985B715 /* libPods-AlinmaPay-AlinmaPaySit.a in Frameworks */ = {isa = PBXBuildFile; fileRef = 08D6A60BEA35F0B2C50D4230 /* libPods-AlinmaPay-AlinmaPaySit.a */; };
		C9140545A1A14E8C9F19E593 /* Inter-Light.ttf in Resources */ = {isa = PBXBuildFile; fileRef = 8AECBB99D928415A9B1B1FE6 /* Inter-Light.ttf */; };
		CF605CE76C8462B6B679402E /* libPods-AlinmaPay.a in Frameworks */ = {isa = PBXBuildFile; fileRef = 5D91653DBB93C697E6DA13FB /* libPods-AlinmaPay.a */; };
		E2B41463B98401131E4E251A /* libPods-AlinmaPay-AlinmaPayUat.a in Frameworks */ = {isa = PBXBuildFile; fileRef = 06926229C2FD1F3CD5F6CB1D /* libPods-AlinmaPay-AlinmaPayUat.a */; };
/* End PBXBuildFile section */

/* Begin PBXContainerItemProxy section */
		00E356F41AD99517003FC87E /* PBXContainerItemProxy */ = {
			isa = PBXContainerItemProxy;
			containerPortal = 83CBB9F71A601CBA00E9B192 /* Project object */;
			proxyType = 1;
			remoteGlobalIDString = 13B07F861A680F5B00A75B9A;
			remoteInfo = AlinmaPay;
		};
/* End PBXContainerItemProxy section */

/* Begin PBXFileReference section */
		00E356EE1AD99517003FC87E /* AlinmaPayTests.xctest */ = {isa = PBXFileReference; explicitFileType = wrapper.cfbundle; includeInIndex = 0; path = AlinmaPayTests.xctest; sourceTree = BUILT_PRODUCTS_DIR; };
		00E356F11AD99517003FC87E /* Info.plist */ = {isa = PBXFileReference; lastKnownFileType = text.plist.xml; path = Info.plist; sourceTree = "<group>"; };
		00E356F21AD99517003FC87E /* AlinmaPayTests.m */ = {isa = PBXFileReference; lastKnownFileType = sourcecode.c.objc; path = AlinmaPayTests.m; sourceTree = "<group>"; };
		023486D0396B4EAFAC5BE272 /* Inter-Medium.ttf */ = {isa = PBXFileReference; explicitFileType = undefined; fileEncoding = 9; includeInIndex = 0; lastKnownFileType = unknown; name = "Inter-Medium.ttf"; path = "../app/src/assets/fonts/Inter-Medium.ttf"; sourceTree = "<group>"; };
		06926229C2FD1F3CD5F6CB1D /* libPods-AlinmaPay-AlinmaPayUat.a */ = {isa = PBXFileReference; explicitFileType = archive.ar; includeInIndex = 0; path = "libPods-AlinmaPay-AlinmaPayUat.a"; sourceTree = BUILT_PRODUCTS_DIR; };
		08D6A60BEA35F0B2C50D4230 /* libPods-AlinmaPay-AlinmaPaySit.a */ = {isa = PBXFileReference; explicitFileType = archive.ar; includeInIndex = 0; path = "libPods-AlinmaPay-AlinmaPaySit.a"; sourceTree = BUILT_PRODUCTS_DIR; };
		13B07F961A680F5B00A75B9A /* AlinmaPay.app */ = {isa = PBXFileReference; explicitFileType = wrapper.application; includeInIndex = 0; path = AlinmaPay.app; sourceTree = BUILT_PRODUCTS_DIR; };
		13B07FAF1A68108700A75B9A /* AppDelegate.h */ = {isa = PBXFileReference; fileEncoding = 4; lastKnownFileType = sourcecode.c.h; name = AppDelegate.h; path = AlinmaPay/AppDelegate.h; sourceTree = "<group>"; };
		13B07FB01A68108700A75B9A /* AppDelegate.mm */ = {isa = PBXFileReference; fileEncoding = 4; lastKnownFileType = sourcecode.cpp.objcpp; name = AppDelegate.mm; path = AlinmaPay/AppDelegate.mm; sourceTree = "<group>"; };
		13B07FB51A68108700A75B9A /* Images.xcassets */ = {isa = PBXFileReference; lastKnownFileType = folder.assetcatalog; name = Images.xcassets; path = AlinmaPay/Images.xcassets; sourceTree = "<group>"; };
		13B07FB61A68108700A75B9A /* Info.plist */ = {isa = PBXFileReference; fileEncoding = 4; lastKnownFileType = text.plist.xml; name = Info.plist; path = AlinmaPay/Info.plist; sourceTree = "<group>"; };
		13B07FB71A68108700A75B9A /* main.m */ = {isa = PBXFileReference; fileEncoding = 4; lastKnownFileType = sourcecode.c.objc; name = main.m; path = AlinmaPay/main.m; sourceTree = "<group>"; };
		13B07FB81A68108700A75B9A /* PrivacyInfo.xcprivacy */ = {isa = PBXFileReference; fileEncoding = 4; lastKnownFileType = text.plist.xml; name = PrivacyInfo.xcprivacy; path = RnDiffApp/PrivacyInfo.xcprivacy; sourceTree = "<group>"; };
		19292B0D4DE45478C59CB532 /* Pods-AlinmaPay.debug.xcconfig */ = {isa = PBXFileReference; includeInIndex = 1; lastKnownFileType = text.xcconfig; name = "Pods-AlinmaPay.debug.xcconfig"; path = "Target Support Files/Pods-AlinmaPay/Pods-AlinmaPay.debug.xcconfig"; sourceTree = "<group>"; };
		320578E82C9701F000846ADA /* AlinmaPay-Release.entitlements */ = {isa = PBXFileReference; fileEncoding = 4; lastKnownFileType = text.plist.entitlements; path = "AlinmaPay-Release.entitlements"; sourceTree = "<group>"; };
		320578E92C9701F000846ADA /* AlinmaPay-Debug.entitlements */ = {isa = PBXFileReference; fileEncoding = 4; lastKnownFileType = text.plist.entitlements; path = "AlinmaPay-Debug.entitlements"; sourceTree = "<group>"; };
		3235ED9C2C89F38300D17AEE /* AppleWallet.m */ = {isa = PBXFileReference; fileEncoding = 4; lastKnownFileType = sourcecode.c.objc; path = AppleWallet.m; sourceTree = "<group>"; };
		3235ED9D2C89F38300D17AEE /* AppleWallet.h */ = {isa = PBXFileReference; fileEncoding = 4; lastKnownFileType = sourcecode.c.h; path = AppleWallet.h; sourceTree = "<group>"; };
		32F002D52CA0E78C00CC619D /* AlinmaPayPreProdRelease.entitlements */ = {isa = PBXFileReference; lastKnownFileType = text.plist.entitlements; path = AlinmaPayPreProdRelease.entitlements; sourceTree = "<group>"; };
		496C2CF91451E7C9036BB5E6 /* libPods-AlinmaPay-AlinmaPayTests.a */ = {isa = PBXFileReference; explicitFileType = archive.ar; includeInIndex = 0; path = "libPods-AlinmaPay-AlinmaPayTests.a"; sourceTree = BUILT_PRODUCTS_DIR; };
		56C324C55E3560434E696B98 /* libPods-AlinmaPay-AlinmaPayDev.a */ = {isa = PBXFileReference; explicitFileType = archive.ar; includeInIndex = 0; path = "libPods-AlinmaPay-AlinmaPayDev.a"; sourceTree = BUILT_PRODUCTS_DIR; };
		5CB692E0824510D6E7EEF2ED /* Pods-AlinmaPay-AlinmaPayPreProd.release.xcconfig */ = {isa = PBXFileReference; includeInIndex = 1; lastKnownFileType = text.xcconfig; name = "Pods-AlinmaPay-AlinmaPayPreProd.release.xcconfig"; path = "Target Support Files/Pods-AlinmaPay-AlinmaPayPreProd/Pods-AlinmaPay-AlinmaPayPreProd.release.xcconfig"; sourceTree = "<group>"; };
		5D111001238F4D92A9D19D79 /* Inter-Bold.ttf */ = {isa = PBXFileReference; explicitFileType = undefined; fileEncoding = 9; includeInIndex = 0; lastKnownFileType = unknown; name = "Inter-Bold.ttf"; path = "../app/src/assets/fonts/Inter-Bold.ttf"; sourceTree = "<group>"; };
		5D91653DBB93C697E6DA13FB /* libPods-AlinmaPay.a */ = {isa = PBXFileReference; explicitFileType = archive.ar; includeInIndex = 0; path = "libPods-AlinmaPay.a"; sourceTree = BUILT_PRODUCTS_DIR; };
		75D9B17AA00312B045BB7846 /* Pods-AlinmaPay-AlinmaPayUat.debug.xcconfig */ = {isa = PBXFileReference; includeInIndex = 1; lastKnownFileType = text.xcconfig; name = "Pods-AlinmaPay-AlinmaPayUat.debug.xcconfig"; path = "Target Support Files/Pods-AlinmaPay-AlinmaPayUat/Pods-AlinmaPay-AlinmaPayUat.debug.xcconfig"; sourceTree = "<group>"; };
		7816505103CB41729426DCD0 /* Inter-SemiBold.ttf */ = {isa = PBXFileReference; explicitFileType = undefined; fileEncoding = 9; includeInIndex = 0; lastKnownFileType = unknown; name = "Inter-SemiBold.ttf"; path = "../app/src/assets/fonts/Inter-SemiBold.ttf"; sourceTree = "<group>"; };
		81AB9BB72411601600AC10FF /* LaunchScreen.storyboard */ = {isa = PBXFileReference; fileEncoding = 4; lastKnownFileType = file.storyboard; name = LaunchScreen.storyboard; path = AlinmaPay/LaunchScreen.storyboard; sourceTree = "<group>"; };
		84267A8D2BC1AFA20024F0EA /* AlinmaPayDev.app */ = {isa = PBXFileReference; explicitFileType = wrapper.application; includeInIndex = 0; path = AlinmaPayDev.app; sourceTree = BUILT_PRODUCTS_DIR; };
		84267A9F2BC1B5C00024F0EA /* AlinmaPayPreProd.app */ = {isa = PBXFileReference; explicitFileType = wrapper.application; includeInIndex = 0; path = AlinmaPayPreProd.app; sourceTree = BUILT_PRODUCTS_DIR; };
		84267AB12BC1B65E0024F0EA /* AlinmaPayUat.app */ = {isa = PBXFileReference; explicitFileType = wrapper.application; includeInIndex = 0; path = AlinmaPayUat.app; sourceTree = BUILT_PRODUCTS_DIR; };
		84267AC32BC1B6D20024F0EA /* AlinmaPaySit.app */ = {isa = PBXFileReference; explicitFileType = wrapper.application; includeInIndex = 0; path = AlinmaPaySit.app; sourceTree = BUILT_PRODUCTS_DIR; };
		8AECBB99D928415A9B1B1FE6 /* Inter-Light.ttf */ = {isa = PBXFileReference; explicitFileType = undefined; fileEncoding = 9; includeInIndex = 0; lastKnownFileType = unknown; name = "Inter-Light.ttf"; path = "../app/src/assets/fonts/Inter-Light.ttf"; sourceTree = "<group>"; };
		9586FC17C314740F34C2D4EA /* Pods-AlinmaPay-AlinmaPayTests.release.xcconfig */ = {isa = PBXFileReference; includeInIndex = 1; lastKnownFileType = text.xcconfig; name = "Pods-AlinmaPay-AlinmaPayTests.release.xcconfig"; path = "Target Support Files/Pods-AlinmaPay-AlinmaPayTests/Pods-AlinmaPay-AlinmaPayTests.release.xcconfig"; sourceTree = "<group>"; };
		9773F1C361D14BC09B50C2E9 /* Inter-Black.ttf */ = {isa = PBXFileReference; explicitFileType = undefined; fileEncoding = 9; includeInIndex = 0; lastKnownFileType = unknown; name = "Inter-Black.ttf"; path = "../app/src/assets/fonts/Inter-Black.ttf"; sourceTree = "<group>"; };
		977EA1AE9D55930DF7031CCF /* Pods-AlinmaPay-AlinmaPaySit.debug.xcconfig */ = {isa = PBXFileReference; includeInIndex = 1; lastKnownFileType = text.xcconfig; name = "Pods-AlinmaPay-AlinmaPaySit.debug.xcconfig"; path = "Target Support Files/Pods-AlinmaPay-AlinmaPaySit/Pods-AlinmaPay-AlinmaPaySit.debug.xcconfig"; sourceTree = "<group>"; };
		9E72BF29DC58A148E1CC5308 /* Pods-AlinmaPay-AlinmaPayUat.release.xcconfig */ = {isa = PBXFileReference; includeInIndex = 1; lastKnownFileType = text.xcconfig; name = "Pods-AlinmaPay-AlinmaPayUat.release.xcconfig"; path = "Target Support Files/Pods-AlinmaPay-AlinmaPayUat/Pods-AlinmaPay-AlinmaPayUat.release.xcconfig"; sourceTree = "<group>"; };
		B4F10BB507D044AF87ECC3EB /* Inter-ExtraLight.ttf */ = {isa = PBXFileReference; explicitFileType = undefined; fileEncoding = 9; includeInIndex = 0; lastKnownFileType = unknown; name = "Inter-ExtraLight.ttf"; path = "../app/src/assets/fonts/Inter-ExtraLight.ttf"; sourceTree = "<group>"; };
		B57110752C4FA03D00EC057A /* AlinmaPayUat-Info.plist */ = {isa = PBXFileReference; lastKnownFileType = text.plist.xml; path = "AlinmaPayUat-Info.plist"; sourceTree = "<group>"; };
		B57110762C4FA05000EC057A /* AlinmaPayDev-Info.plist */ = {isa = PBXFileReference; lastKnownFileType = text.plist.xml; path = "AlinmaPayDev-Info.plist"; sourceTree = "<group>"; };
		B57110772C4FA06D00EC057A /* AlinmaPayPreProd-Info.plist */ = {isa = PBXFileReference; lastKnownFileType = text.plist.xml; path = "AlinmaPayPreProd-Info.plist"; sourceTree = "<group>"; };
		B57110782C4FA06D00EC057A /* AlinmaPaySit-Info.plist */ = {isa = PBXFileReference; lastKnownFileType = text.plist.xml; path = "AlinmaPaySit-Info.plist"; sourceTree = "<group>"; };
		B571109D2C6A013600EC057A /* AlinmaPayUat.entitlements */ = {isa = PBXFileReference; lastKnownFileType = text.plist.entitlements; path = AlinmaPayUat.entitlements; sourceTree = "<group>"; };
		BC0C84649A2A83646694D389 /* Pods-AlinmaPay.release.xcconfig */ = {isa = PBXFileReference; includeInIndex = 1; lastKnownFileType = text.xcconfig; name = "Pods-AlinmaPay.release.xcconfig"; path = "Target Support Files/Pods-AlinmaPay/Pods-AlinmaPay.release.xcconfig"; sourceTree = "<group>"; };
		BCD03AAFC5472153F144B169 /* Pods-AlinmaPay-AlinmaPayDev.debug.xcconfig */ = {isa = PBXFileReference; includeInIndex = 1; lastKnownFileType = text.xcconfig; name = "Pods-AlinmaPay-AlinmaPayDev.debug.xcconfig"; path = "Target Support Files/Pods-AlinmaPay-AlinmaPayDev/Pods-AlinmaPay-AlinmaPayDev.debug.xcconfig"; sourceTree = "<group>"; };
		C80D74D62CF293A06AE7A27D /* libPods-AlinmaPay-AlinmaPayPreProd.a */ = {isa = PBXFileReference; explicitFileType = archive.ar; includeInIndex = 0; path = "libPods-AlinmaPay-AlinmaPayPreProd.a"; sourceTree = BUILT_PRODUCTS_DIR; };
		CBDEA7189FC4984124519C39 /* Pods-AlinmaPay-AlinmaPayTests.debug.xcconfig */ = {isa = PBXFileReference; includeInIndex = 1; lastKnownFileType = text.xcconfig; name = "Pods-AlinmaPay-AlinmaPayTests.debug.xcconfig"; path = "Target Support Files/Pods-AlinmaPay-AlinmaPayTests/Pods-AlinmaPay-AlinmaPayTests.debug.xcconfig"; sourceTree = "<group>"; };
		D6F93B09F2E64DF2B10E5362 /* Inter-Thin.ttf */ = {isa = PBXFileReference; explicitFileType = undefined; fileEncoding = 9; includeInIndex = 0; lastKnownFileType = unknown; name = "Inter-Thin.ttf"; path = "../app/src/assets/fonts/Inter-Thin.ttf"; sourceTree = "<group>"; };
		D7A456876F097058DA76140C /* Pods-AlinmaPay-AlinmaPaySit.release.xcconfig */ = {isa = PBXFileReference; includeInIndex = 1; lastKnownFileType = text.xcconfig; name = "Pods-AlinmaPay-AlinmaPaySit.release.xcconfig"; path = "Target Support Files/Pods-AlinmaPay-AlinmaPaySit/Pods-AlinmaPay-AlinmaPaySit.release.xcconfig"; sourceTree = "<group>"; };
		DFDC896BF580482599405916 /* Inter-Regular.ttf */ = {isa = PBXFileReference; explicitFileType = undefined; fileEncoding = 9; includeInIndex = 0; lastKnownFileType = unknown; name = "Inter-Regular.ttf"; path = "../app/src/assets/fonts/Inter-Regular.ttf"; sourceTree = "<group>"; };
		E068FB64930EA4BFD0323B72 /* Pods-AlinmaPay-AlinmaPayPreProd.debug.xcconfig */ = {isa = PBXFileReference; includeInIndex = 1; lastKnownFileType = text.xcconfig; name = "Pods-AlinmaPay-AlinmaPayPreProd.debug.xcconfig"; path = "Target Support Files/Pods-AlinmaPay-AlinmaPayPreProd/Pods-AlinmaPay-AlinmaPayPreProd.debug.xcconfig"; sourceTree = "<group>"; };
		E88E994F2C64948B00BDE564 /* AlinmaPayUatRelease.entitlements */ = {isa = PBXFileReference; lastKnownFileType = text.plist.entitlements; path = AlinmaPayUatRelease.entitlements; sourceTree = "<group>"; };
		ED297162215061F000B7C4FE /* JavaScriptCore.framework */ = {isa = PBXFileReference; lastKnownFileType = wrapper.framework; name = JavaScriptCore.framework; path = System/Library/Frameworks/JavaScriptCore.framework; sourceTree = SDKROOT; };
		F71CE485A79E03A6AB4D7F6B /* Pods-AlinmaPay-AlinmaPayDev.release.xcconfig */ = {isa = PBXFileReference; includeInIndex = 1; lastKnownFileType = text.xcconfig; name = "Pods-AlinmaPay-AlinmaPayDev.release.xcconfig"; path = "Target Support Files/Pods-AlinmaPay-AlinmaPayDev/Pods-AlinmaPay-AlinmaPayDev.release.xcconfig"; sourceTree = "<group>"; };
		F788550565824088AB56A5DE /* Inter-ExtraBold.ttf */ = {isa = PBXFileReference; explicitFileType = undefined; fileEncoding = 9; includeInIndex = 0; lastKnownFileType = unknown; name = "Inter-ExtraBold.ttf"; path = "../app/src/assets/fonts/Inter-ExtraBold.ttf"; sourceTree = "<group>"; };
/* End PBXFileReference section */

/* Begin PBXFrameworksBuildPhase section */
		00E356EB1AD99517003FC87E /* Frameworks */ = {
			isa = PBXFrameworksBuildPhase;
			buildActionMask = 2147483647;
			files = (
				83583305F96ABD33B48AE8B9 /* libPods-AlinmaPay-AlinmaPayTests.a in Frameworks */,
			);
			runOnlyForDeploymentPostprocessing = 0;
		};
		13B07F8C1A680F5B00A75B9A /* Frameworks */ = {
			isa = PBXFrameworksBuildPhase;
			buildActionMask = 2147483647;
			files = (
				0C80B921A6F3F58F76C31292 /* BuildFile in Frameworks */,
				CF605CE76C8462B6B679402E /* libPods-AlinmaPay.a in Frameworks */,
			);
			runOnlyForDeploymentPostprocessing = 0;
		};
		84267A822BC1AFA20024F0EA /* Frameworks */ = {
			isa = PBXFrameworksBuildPhase;
			buildActionMask = 2147483647;
			files = (
				A6BD8C097B46A5C433FEC485 /* libPods-AlinmaPay-AlinmaPayDev.a in Frameworks */,
			);
			runOnlyForDeploymentPostprocessing = 0;
		};
		84267A942BC1B5C00024F0EA /* Frameworks */ = {
			isa = PBXFrameworksBuildPhase;
			buildActionMask = 2147483647;
			files = (
				05743083DA30AEE5302DF8EA /* libPods-AlinmaPay-AlinmaPayPreProd.a in Frameworks */,
			);
			runOnlyForDeploymentPostprocessing = 0;
		};
		84267AA62BC1B65E0024F0EA /* Frameworks */ = {
			isa = PBXFrameworksBuildPhase;
			buildActionMask = 2147483647;
			files = (
				E2B41463B98401131E4E251A /* libPods-AlinmaPay-AlinmaPayUat.a in Frameworks */,
			);
			runOnlyForDeploymentPostprocessing = 0;
		};
		84267AB82BC1B6D20024F0EA /* Frameworks */ = {
			isa = PBXFrameworksBuildPhase;
			buildActionMask = 2147483647;
			files = (
				C168372C607FB1C4F985B715 /* libPods-AlinmaPay-AlinmaPaySit.a in Frameworks */,
			);
			runOnlyForDeploymentPostprocessing = 0;
		};
/* End PBXFrameworksBuildPhase section */

/* Begin PBXGroup section */
		00E356EF1AD99517003FC87E /* AlinmaPayTests */ = {
			isa = PBXGroup;
			children = (
				00E356F21AD99517003FC87E /* AlinmaPayTests.m */,
				00E356F01AD99517003FC87E /* Supporting Files */,
			);
			path = AlinmaPayTests;
			sourceTree = "<group>";
		};
		00E356F01AD99517003FC87E /* Supporting Files */ = {
			isa = PBXGroup;
			children = (
				00E356F11AD99517003FC87E /* Info.plist */,
			);
			name = "Supporting Files";
			sourceTree = "<group>";
		};
		13B07FAE1A68108700A75B9A /* AlinmaPay */ = {
			isa = PBXGroup;
			children = (
				320578E92C9701F000846ADA /* AlinmaPay-Debug.entitlements */,
				320578E82C9701F000846ADA /* AlinmaPay-Release.entitlements */,
				3235ED9D2C89F38300D17AEE /* AppleWallet.h */,
				3235ED9C2C89F38300D17AEE /* AppleWallet.m */,
				13B07FAF1A68108700A75B9A /* AppDelegate.h */,
				13B07FB01A68108700A75B9A /* AppDelegate.mm */,
				13B07FB51A68108700A75B9A /* Images.xcassets */,
				13B07FB61A68108700A75B9A /* Info.plist */,
				81AB9BB72411601600AC10FF /* LaunchScreen.storyboard */,
				13B07FB71A68108700A75B9A /* main.m */,
				13B07FB81A68108700A75B9A /* PrivacyInfo.xcprivacy */,
			);
			name = AlinmaPay;
			sourceTree = "<group>";
		};
		2D16E6871FA4F8E400B85C8A /* Frameworks */ = {
			isa = PBXGroup;
			children = (
				ED297162215061F000B7C4FE /* JavaScriptCore.framework */,
				5D91653DBB93C697E6DA13FB /* libPods-AlinmaPay.a */,
				56C324C55E3560434E696B98 /* libPods-AlinmaPay-AlinmaPayDev.a */,
				C80D74D62CF293A06AE7A27D /* libPods-AlinmaPay-AlinmaPayPreProd.a */,
				08D6A60BEA35F0B2C50D4230 /* libPods-AlinmaPay-AlinmaPaySit.a */,
				496C2CF91451E7C9036BB5E6 /* libPods-AlinmaPay-AlinmaPayTests.a */,
				06926229C2FD1F3CD5F6CB1D /* libPods-AlinmaPay-AlinmaPayUat.a */,
			);
			name = Frameworks;
			sourceTree = "<group>";
		};
		832341AE1AAA6A7D00B99B32 /* Libraries */ = {
			isa = PBXGroup;
			children = (
			);
			name = Libraries;
			sourceTree = "<group>";
		};
		83CBB9F61A601CBA00E9B192 = {
			isa = PBXGroup;
			children = (
				32F002D52CA0E78C00CC619D /* AlinmaPayPreProdRelease.entitlements */,
				B571109D2C6A013600EC057A /* AlinmaPayUat.entitlements */,
				E88E994F2C64948B00BDE564 /* AlinmaPayUatRelease.entitlements */,
				B57110772C4FA06D00EC057A /* AlinmaPayPreProd-Info.plist */,
				B57110782C4FA06D00EC057A /* AlinmaPaySit-Info.plist */,
				B57110762C4FA05000EC057A /* AlinmaPayDev-Info.plist */,
				B57110752C4FA03D00EC057A /* AlinmaPayUat-Info.plist */,
				13B07FAE1A68108700A75B9A /* AlinmaPay */,
				832341AE1AAA6A7D00B99B32 /* Libraries */,
				00E356EF1AD99517003FC87E /* AlinmaPayTests */,
				83CBBA001A601CBA00E9B192 /* Products */,
				2D16E6871FA4F8E400B85C8A /* Frameworks */,
				BBD78D7AC51CEA395F1C20DB /* Pods */,
				94B0A66AB184476ABBE540EF /* Resources */,
			);
			indentWidth = 2;
			sourceTree = "<group>";
			tabWidth = 2;
			usesTabs = 0;
		};
		83CBBA001A601CBA00E9B192 /* Products */ = {
			isa = PBXGroup;
			children = (
				13B07F961A680F5B00A75B9A /* AlinmaPay.app */,
				00E356EE1AD99517003FC87E /* AlinmaPayTests.xctest */,
				84267A8D2BC1AFA20024F0EA /* AlinmaPayDev.app */,
				84267A9F2BC1B5C00024F0EA /* AlinmaPayPreProd.app */,
				84267AB12BC1B65E0024F0EA /* AlinmaPayUat.app */,
				84267AC32BC1B6D20024F0EA /* AlinmaPaySit.app */,
			);
			name = Products;
			sourceTree = "<group>";
		};
		94B0A66AB184476ABBE540EF /* Resources */ = {
			isa = PBXGroup;
			children = (
				9773F1C361D14BC09B50C2E9 /* Inter-Black.ttf */,
				5D111001238F4D92A9D19D79 /* Inter-Bold.ttf */,
				F788550565824088AB56A5DE /* Inter-ExtraBold.ttf */,
				B4F10BB507D044AF87ECC3EB /* Inter-ExtraLight.ttf */,
				8AECBB99D928415A9B1B1FE6 /* Inter-Light.ttf */,
				023486D0396B4EAFAC5BE272 /* Inter-Medium.ttf */,
				DFDC896BF580482599405916 /* Inter-Regular.ttf */,
				7816505103CB41729426DCD0 /* Inter-SemiBold.ttf */,
				D6F93B09F2E64DF2B10E5362 /* Inter-Thin.ttf */,
			);
			name = Resources;
			sourceTree = "<group>";
		};
		BBD78D7AC51CEA395F1C20DB /* Pods */ = {
			isa = PBXGroup;
			children = (
				19292B0D4DE45478C59CB532 /* Pods-AlinmaPay.debug.xcconfig */,
				BC0C84649A2A83646694D389 /* Pods-AlinmaPay.release.xcconfig */,
				BCD03AAFC5472153F144B169 /* Pods-AlinmaPay-AlinmaPayDev.debug.xcconfig */,
				F71CE485A79E03A6AB4D7F6B /* Pods-AlinmaPay-AlinmaPayDev.release.xcconfig */,
				E068FB64930EA4BFD0323B72 /* Pods-AlinmaPay-AlinmaPayPreProd.debug.xcconfig */,
				5CB692E0824510D6E7EEF2ED /* Pods-AlinmaPay-AlinmaPayPreProd.release.xcconfig */,
				977EA1AE9D55930DF7031CCF /* Pods-AlinmaPay-AlinmaPaySit.debug.xcconfig */,
				D7A456876F097058DA76140C /* Pods-AlinmaPay-AlinmaPaySit.release.xcconfig */,
				CBDEA7189FC4984124519C39 /* Pods-AlinmaPay-AlinmaPayTests.debug.xcconfig */,
				9586FC17C314740F34C2D4EA /* Pods-AlinmaPay-AlinmaPayTests.release.xcconfig */,
				75D9B17AA00312B045BB7846 /* Pods-AlinmaPay-AlinmaPayUat.debug.xcconfig */,
				9E72BF29DC58A148E1CC5308 /* Pods-AlinmaPay-AlinmaPayUat.release.xcconfig */,
			);
			path = Pods;
			sourceTree = "<group>";
		};
/* End PBXGroup section */

/* Begin PBXNativeTarget section */
		00E356ED1AD99517003FC87E /* AlinmaPayTests */ = {
			isa = PBXNativeTarget;
			buildConfigurationList = 00E357021AD99517003FC87E /* Build configuration list for PBXNativeTarget "AlinmaPayTests" */;
			buildPhases = (
				7C5C703DA9017A20776C525A /* [CP] Check Pods Manifest.lock */,
				00E356EA1AD99517003FC87E /* Sources */,
				00E356EB1AD99517003FC87E /* Frameworks */,
				00E356EC1AD99517003FC87E /* Resources */,
				778AC5228D175DC65921BA79 /* [CP] Embed Pods Frameworks */,
				B3141506527D2027FBF16AC7 /* [CP] Copy Pods Resources */,
			);
			buildRules = (
			);
			dependencies = (
				00E356F51AD99517003FC87E /* PBXTargetDependency */,
			);
			name = AlinmaPayTests;
			productName = AlinmaPayTests;
			productReference = 00E356EE1AD99517003FC87E /* AlinmaPayTests.xctest */;
			productType = "com.apple.product-type.bundle.unit-test";
		};
		13B07F861A680F5B00A75B9A /* AlinmaPay */ = {
			isa = PBXNativeTarget;
			buildConfigurationList = 13B07F931A680F5B00A75B9A /* Build configuration list for PBXNativeTarget "AlinmaPay" */;
			buildPhases = (
				08731DE5128E4B378968E76F /* [CP] Check Pods Manifest.lock */,
				13B07F871A680F5B00A75B9A /* Sources */,
				13B07F8C1A680F5B00A75B9A /* Frameworks */,
				13B07F8E1A680F5B00A75B9A /* Resources */,
				00DD1BFF1BD5951E006B06BC /* Bundle React Native code and images */,
				38A4E4170245F58C197DAF29 /* [CP] Embed Pods Frameworks */,
				0CE285532EED8E16D5BBC8C3 /* [CP] Copy Pods Resources */,
			);
			buildRules = (
			);
			dependencies = (
			);
			name = AlinmaPay;
			productName = AlinmaPay;
			productReference = 13B07F961A680F5B00A75B9A /* AlinmaPay.app */;
			productType = "com.apple.product-type.application";
		};
		84267A7D2BC1AFA20024F0EA /* AlinmaPayDev */ = {
			isa = PBXNativeTarget;
			buildConfigurationList = 84267A8A2BC1AFA20024F0EA /* Build configuration list for PBXNativeTarget "AlinmaPayDev" */;
			buildPhases = (
				B37A87DE960649B938D1739E /* [CP] Check Pods Manifest.lock */,
				84267A7F2BC1AFA20024F0EA /* Sources */,
				84267A822BC1AFA20024F0EA /* Frameworks */,
				84267A842BC1AFA20024F0EA /* Resources */,
				84267A872BC1AFA20024F0EA /* Bundle React Native code and images */,
				9277AF0DFF7764BE37E44AC4 /* [CP] Embed Pods Frameworks */,
				24B7B2506D34636BD0F0C4E7 /* [CP] Copy Pods Resources */,
			);
			buildRules = (
			);
			dependencies = (
			);
			name = AlinmaPayDev;
			productName = AlinmaPay;
			productReference = 84267A8D2BC1AFA20024F0EA /* AlinmaPayDev.app */;
			productType = "com.apple.product-type.application";
		};
		84267A8F2BC1B5C00024F0EA /* AlinmaPayPreProd */ = {
			isa = PBXNativeTarget;
			buildConfigurationList = 84267A9C2BC1B5C00024F0EA /* Build configuration list for PBXNativeTarget "AlinmaPayPreProd" */;
			buildPhases = (
				AADFF5605C6D3A858A627681 /* [CP] Check Pods Manifest.lock */,
				84267A912BC1B5C00024F0EA /* Sources */,
				84267A942BC1B5C00024F0EA /* Frameworks */,
				84267A962BC1B5C00024F0EA /* Resources */,
				84267A992BC1B5C00024F0EA /* Bundle React Native code and images */,
				43AD0169B05ABFAA38F076A6 /* [CP] Embed Pods Frameworks */,
				084F2684419CE2E5467801CA /* [CP] Copy Pods Resources */,
			);
			buildRules = (
			);
			dependencies = (
			);
			name = AlinmaPayPreProd;
			productName = AlinmaPay;
			productReference = 84267A9F2BC1B5C00024F0EA /* AlinmaPayPreProd.app */;
			productType = "com.apple.product-type.application";
		};
		84267AA12BC1B65E0024F0EA /* AlinmaPayUat */ = {
			isa = PBXNativeTarget;
			buildConfigurationList = 84267AAE2BC1B65E0024F0EA /* Build configuration list for PBXNativeTarget "AlinmaPayUat" */;
			buildPhases = (
				20C7332ACDFC27527FD1470E /* [CP] Check Pods Manifest.lock */,
				84267AA32BC1B65E0024F0EA /* Sources */,
				84267AA62BC1B65E0024F0EA /* Frameworks */,
				84267AA82BC1B65E0024F0EA /* Resources */,
				84267AAB2BC1B65E0024F0EA /* Bundle React Native code and images */,
				44863CA967A90AC0251AC6BC /* [CP] Embed Pods Frameworks */,
				72E25A4D3AE80D8144783709 /* [CP] Copy Pods Resources */,
			);
			buildRules = (
			);
			dependencies = (
			);
			name = AlinmaPayUat;
			productName = AlinmaPay;
			productReference = 84267AB12BC1B65E0024F0EA /* AlinmaPayUat.app */;
			productType = "com.apple.product-type.application";
		};
		84267AB32BC1B6D20024F0EA /* AlinmaPaySit */ = {
			isa = PBXNativeTarget;
			buildConfigurationList = 84267AC02BC1B6D20024F0EA /* Build configuration list for PBXNativeTarget "AlinmaPaySit" */;
			buildPhases = (
				F58A93EE8659532F293182B5 /* [CP] Check Pods Manifest.lock */,
				84267AB52BC1B6D20024F0EA /* Sources */,
				84267AB82BC1B6D20024F0EA /* Frameworks */,
				84267ABA2BC1B6D20024F0EA /* Resources */,
				84267ABD2BC1B6D20024F0EA /* Bundle React Native code and images */,
				C5398876F4C84D43D337F728 /* [CP] Embed Pods Frameworks */,
				EA9CFF94AF722B4ECFB7E706 /* [CP] Copy Pods Resources */,
			);
			buildRules = (
			);
			dependencies = (
			);
			name = AlinmaPaySit;
			productName = AlinmaPay;
			productReference = 84267AC32BC1B6D20024F0EA /* AlinmaPaySit.app */;
			productType = "com.apple.product-type.application";
		};
/* End PBXNativeTarget section */

/* Begin PBXProject section */
		83CBB9F71A601CBA00E9B192 /* Project object */ = {
			isa = PBXProject;
			attributes = {
				LastUpgradeCheck = 1210;
				TargetAttributes = {
					00E356ED1AD99517003FC87E = {
						CreatedOnToolsVersion = 6.2;
						TestTargetID = 13B07F861A680F5B00A75B9A;
					};
					13B07F861A680F5B00A75B9A = {
						LastSwiftMigration = 1120;
					};
				};
			};
			buildConfigurationList = 83CBB9FA1A601CBA00E9B192 /* Build configuration list for PBXProject "AlinmaPay" */;
			compatibilityVersion = "Xcode 12.0";
			developmentRegion = en;
			hasScannedForEncodings = 0;
			knownRegions = (
				en,
				Base,
			);
			mainGroup = 83CBB9F61A601CBA00E9B192;
			productRefGroup = 83CBBA001A601CBA00E9B192 /* Products */;
			projectDirPath = "";
			projectRoot = "";
			targets = (
				13B07F861A680F5B00A75B9A /* AlinmaPay */,
				00E356ED1AD99517003FC87E /* AlinmaPayTests */,
				84267A7D2BC1AFA20024F0EA /* AlinmaPayDev */,
				84267A8F2BC1B5C00024F0EA /* AlinmaPayPreProd */,
				84267AA12BC1B65E0024F0EA /* AlinmaPayUat */,
				84267AB32BC1B6D20024F0EA /* AlinmaPaySit */,
			);
		};
/* End PBXProject section */

/* Begin PBXResourcesBuildPhase section */
		00E356EC1AD99517003FC87E /* Resources */ = {
			isa = PBXResourcesBuildPhase;
			buildActionMask = 2147483647;
			files = (
			);
			runOnlyForDeploymentPostprocessing = 0;
		};
		13B07F8E1A680F5B00A75B9A /* Resources */ = {
			isa = PBXResourcesBuildPhase;
			buildActionMask = 2147483647;
			files = (
				81AB9BB82411601600AC10FF /* LaunchScreen.storyboard in Resources */,
				13B07FBF1A68108700A75B9A /* Images.xcassets in Resources */,
				A8FFDF2BE678472D9F5A9EEA /* Inter-Black.ttf in Resources */,
				2C04C185CC9742D8BB325DF0 /* Inter-Bold.ttf in Resources */,
				8268E151AEEA4E8C88A4571E /* Inter-ExtraBold.ttf in Resources */,
				2E5C7404DAE24F10A445F231 /* Inter-ExtraLight.ttf in Resources */,
				C9140545A1A14E8C9F19E593 /* Inter-Light.ttf in Resources */,
				18A65E408D964C9CAE8F4DD1 /* Inter-Medium.ttf in Resources */,
				8CADE766AF4C420BA1492294 /* Inter-Regular.ttf in Resources */,
				26A7B39A766C4569853BAB42 /* Inter-SemiBold.ttf in Resources */,
				7D0B60EF3255431E8EAEEA32 /* Inter-Thin.ttf in Resources */,
			);
			runOnlyForDeploymentPostprocessing = 0;
		};
		84267A842BC1AFA20024F0EA /* Resources */ = {
			isa = PBXResourcesBuildPhase;
			buildActionMask = 2147483647;
			files = (
				B57110792C64DF4F00EC057A /* Inter-Black.ttf in Resources */,
				B571107A2C64DF4F00EC057A /* Inter-Bold.ttf in Resources */,
				B571107B2C64DF4F00EC057A /* Inter-ExtraBold.ttf in Resources */,
				B571107C2C64DF4F00EC057A /* Inter-ExtraLight.ttf in Resources */,
				B571107D2C64DF4F00EC057A /* Inter-Light.ttf in Resources */,
				B571107E2C64DF4F00EC057A /* Inter-Medium.ttf in Resources */,
				B571107F2C64DF4F00EC057A /* Inter-Regular.ttf in Resources */,
				B57110802C64DF4F00EC057A /* Inter-SemiBold.ttf in Resources */,
				B57110812C64DF4F00EC057A /* Inter-Thin.ttf in Resources */,
				84267A852BC1AFA20024F0EA /* LaunchScreen.storyboard in Resources */,
				84267A862BC1AFA20024F0EA /* Images.xcassets in Resources */,
			);
			runOnlyForDeploymentPostprocessing = 0;
		};
		84267A962BC1B5C00024F0EA /* Resources */ = {
			isa = PBXResourcesBuildPhase;
			buildActionMask = 2147483647;
			files = (
				B57110822C64DF6600EC057A /* Inter-Black.ttf in Resources */,
				B57110832C64DF6600EC057A /* Inter-Bold.ttf in Resources */,
				B57110842C64DF6600EC057A /* Inter-ExtraBold.ttf in Resources */,
				B57110852C64DF6600EC057A /* Inter-ExtraLight.ttf in Resources */,
				B57110862C64DF6600EC057A /* Inter-Light.ttf in Resources */,
				B57110872C64DF6600EC057A /* Inter-Medium.ttf in Resources */,
				B57110882C64DF6600EC057A /* Inter-Regular.ttf in Resources */,
				B57110892C64DF6600EC057A /* Inter-SemiBold.ttf in Resources */,
				B571108A2C64DF6600EC057A /* Inter-Thin.ttf in Resources */,
				84267A972BC1B5C00024F0EA /* LaunchScreen.storyboard in Resources */,
				84267A982BC1B5C00024F0EA /* Images.xcassets in Resources */,
			);
			runOnlyForDeploymentPostprocessing = 0;
		};
		84267AA82BC1B65E0024F0EA /* Resources */ = {
			isa = PBXResourcesBuildPhase;
			buildActionMask = 2147483647;
			files = (
				B571108B2C64DF7200EC057A /* Inter-Black.ttf in Resources */,
				B571108C2C64DF7200EC057A /* Inter-Bold.ttf in Resources */,
				B571108D2C64DF7200EC057A /* Inter-ExtraBold.ttf in Resources */,
				B571108E2C64DF7200EC057A /* Inter-ExtraLight.ttf in Resources */,
				B571108F2C64DF7200EC057A /* Inter-Light.ttf in Resources */,
				B57110902C64DF7200EC057A /* Inter-Medium.ttf in Resources */,
				B57110912C64DF7200EC057A /* Inter-Regular.ttf in Resources */,
				B57110922C64DF7200EC057A /* Inter-SemiBold.ttf in Resources */,
				B57110932C64DF7200EC057A /* Inter-Thin.ttf in Resources */,
				84267AA92BC1B65E0024F0EA /* LaunchScreen.storyboard in Resources */,
				84267AAA2BC1B65E0024F0EA /* Images.xcassets in Resources */,
			);
			runOnlyForDeploymentPostprocessing = 0;
		};
		84267ABA2BC1B6D20024F0EA /* Resources */ = {
			isa = PBXResourcesBuildPhase;
			buildActionMask = 2147483647;
			files = (
				B57110942C64DFBA00EC057A /* Inter-Black.ttf in Resources */,
				B57110952C64DFBA00EC057A /* Inter-Bold.ttf in Resources */,
				B57110962C64DFBA00EC057A /* Inter-ExtraBold.ttf in Resources */,
				B57110972C64DFBA00EC057A /* Inter-ExtraLight.ttf in Resources */,
				B57110982C64DFBA00EC057A /* Inter-Light.ttf in Resources */,
				B57110992C64DFBA00EC057A /* Inter-Medium.ttf in Resources */,
				B571109A2C64DFBA00EC057A /* Inter-Regular.ttf in Resources */,
				B571109B2C64DFBA00EC057A /* Inter-SemiBold.ttf in Resources */,
				B571109C2C64DFBA00EC057A /* Inter-Thin.ttf in Resources */,
				84267ABB2BC1B6D20024F0EA /* LaunchScreen.storyboard in Resources */,
				84267ABC2BC1B6D20024F0EA /* Images.xcassets in Resources */,
			);
			runOnlyForDeploymentPostprocessing = 0;
		};
/* End PBXResourcesBuildPhase section */

/* Begin PBXShellScriptBuildPhase section */
		00DD1BFF1BD5951E006B06BC /* Bundle React Native code and images */ = {
			isa = PBXShellScriptBuildPhase;
			buildActionMask = 2147483647;
			files = (
			);
			inputPaths = (
				"$(SRCROOT)/.xcode.env.local",
				"$(SRCROOT)/.xcode.env",
			);
			name = "Bundle React Native code and images";
			outputPaths = (
			);
			runOnlyForDeploymentPostprocessing = 0;
			shellPath = /bin/sh;
			shellScript = "set -e\n\nWITH_ENVIRONMENT=\"$REACT_NATIVE_PATH/scripts/xcode/with-environment.sh\"\nREACT_NATIVE_XCODE=\"$REACT_NATIVE_PATH/scripts/react-native-xcode.sh\"\n\n/bin/sh -c \"$WITH_ENVIRONMENT $REACT_NATIVE_XCODE\"\n";
		};
		084F2684419CE2E5467801CA /* [CP] Copy Pods Resources */ = {
			isa = PBXShellScriptBuildPhase;
			buildActionMask = 2147483647;
			files = (
			);
			inputFileListPaths = (
				"${PODS_ROOT}/Target Support Files/Pods-AlinmaPay-AlinmaPayPreProd/Pods-AlinmaPay-AlinmaPayPreProd-resources-${CONFIGURATION}-input-files.xcfilelist",
			);
			name = "[CP] Copy Pods Resources";
			outputFileListPaths = (
				"${PODS_ROOT}/Target Support Files/Pods-AlinmaPay-AlinmaPayPreProd/Pods-AlinmaPay-AlinmaPayPreProd-resources-${CONFIGURATION}-output-files.xcfilelist",
			);
			runOnlyForDeploymentPostprocessing = 0;
			shellPath = /bin/sh;
			shellScript = "\"${PODS_ROOT}/Target Support Files/Pods-AlinmaPay-AlinmaPayPreProd/Pods-AlinmaPay-AlinmaPayPreProd-resources.sh\"\n";
			showEnvVarsInLog = 0;
		};
		08731DE5128E4B378968E76F /* [CP] Check Pods Manifest.lock */ = {
			isa = PBXShellScriptBuildPhase;
			buildActionMask = 2147483647;
			files = (
			);
			inputFileListPaths = (
			);
			inputPaths = (
				"${PODS_PODFILE_DIR_PATH}/Podfile.lock",
				"${PODS_ROOT}/Manifest.lock",
			);
			name = "[CP] Check Pods Manifest.lock";
			outputFileListPaths = (
			);
			outputPaths = (
				"$(DERIVED_FILE_DIR)/Pods-AlinmaPay-checkManifestLockResult.txt",
			);
			runOnlyForDeploymentPostprocessing = 0;
			shellPath = /bin/sh;
			shellScript = "diff \"${PODS_PODFILE_DIR_PATH}/Podfile.lock\" \"${PODS_ROOT}/Manifest.lock\" > /dev/null\nif [ $? != 0 ] ; then\n    # print error to STDERR\n    echo \"error: The sandbox is not in sync with the Podfile.lock. Run 'pod install' or update your CocoaPods installation.\" >&2\n    exit 1\nfi\n# This output is used by Xcode 'outputs' to avoid re-running this script phase.\necho \"SUCCESS\" > \"${SCRIPT_OUTPUT_FILE_0}\"\n";
			showEnvVarsInLog = 0;
		};
		0CE285532EED8E16D5BBC8C3 /* [CP] Copy Pods Resources */ = {
			isa = PBXShellScriptBuildPhase;
			buildActionMask = 2147483647;
			files = (
			);
			inputFileListPaths = (
				"${PODS_ROOT}/Target Support Files/Pods-AlinmaPay/Pods-AlinmaPay-resources-${CONFIGURATION}-input-files.xcfilelist",
			);
			name = "[CP] Copy Pods Resources";
			outputFileListPaths = (
				"${PODS_ROOT}/Target Support Files/Pods-AlinmaPay/Pods-AlinmaPay-resources-${CONFIGURATION}-output-files.xcfilelist",
			);
			runOnlyForDeploymentPostprocessing = 0;
			shellPath = /bin/sh;
			shellScript = "\"${PODS_ROOT}/Target Support Files/Pods-AlinmaPay/Pods-AlinmaPay-resources.sh\"\n";
			showEnvVarsInLog = 0;
		};
		20C7332ACDFC27527FD1470E /* [CP] Check Pods Manifest.lock */ = {
			isa = PBXShellScriptBuildPhase;
			buildActionMask = 2147483647;
			files = (
			);
			inputFileListPaths = (
			);
			inputPaths = (
				"${PODS_PODFILE_DIR_PATH}/Podfile.lock",
				"${PODS_ROOT}/Manifest.lock",
			);
			name = "[CP] Check Pods Manifest.lock";
			outputFileListPaths = (
			);
			outputPaths = (
				"$(DERIVED_FILE_DIR)/Pods-AlinmaPay-AlinmaPayUat-checkManifestLockResult.txt",
			);
			runOnlyForDeploymentPostprocessing = 0;
			shellPath = /bin/sh;
			shellScript = "diff \"${PODS_PODFILE_DIR_PATH}/Podfile.lock\" \"${PODS_ROOT}/Manifest.lock\" > /dev/null\nif [ $? != 0 ] ; then\n    # print error to STDERR\n    echo \"error: The sandbox is not in sync with the Podfile.lock. Run 'pod install' or update your CocoaPods installation.\" >&2\n    exit 1\nfi\n# This output is used by Xcode 'outputs' to avoid re-running this script phase.\necho \"SUCCESS\" > \"${SCRIPT_OUTPUT_FILE_0}\"\n";
			showEnvVarsInLog = 0;
		};
		24B7B2506D34636BD0F0C4E7 /* [CP] Copy Pods Resources */ = {
			isa = PBXShellScriptBuildPhase;
			buildActionMask = 2147483647;
			files = (
			);
			inputFileListPaths = (
				"${PODS_ROOT}/Target Support Files/Pods-AlinmaPay-AlinmaPayDev/Pods-AlinmaPay-AlinmaPayDev-resources-${CONFIGURATION}-input-files.xcfilelist",
			);
			name = "[CP] Copy Pods Resources";
			outputFileListPaths = (
				"${PODS_ROOT}/Target Support Files/Pods-AlinmaPay-AlinmaPayDev/Pods-AlinmaPay-AlinmaPayDev-resources-${CONFIGURATION}-output-files.xcfilelist",
			);
			runOnlyForDeploymentPostprocessing = 0;
			shellPath = /bin/sh;
			shellScript = "\"${PODS_ROOT}/Target Support Files/Pods-AlinmaPay-AlinmaPayDev/Pods-AlinmaPay-AlinmaPayDev-resources.sh\"\n";
			showEnvVarsInLog = 0;
		};
		38A4E4170245F58C197DAF29 /* [CP] Embed Pods Frameworks */ = {
			isa = PBXShellScriptBuildPhase;
			buildActionMask = 2147483647;
			files = (
			);
			inputFileListPaths = (
				"${PODS_ROOT}/Target Support Files/Pods-AlinmaPay/Pods-AlinmaPay-frameworks-${CONFIGURATION}-input-files.xcfilelist",
			);
			name = "[CP] Embed Pods Frameworks";
			outputFileListPaths = (
				"${PODS_ROOT}/Target Support Files/Pods-AlinmaPay/Pods-AlinmaPay-frameworks-${CONFIGURATION}-output-files.xcfilelist",
			);
			runOnlyForDeploymentPostprocessing = 0;
			shellPath = /bin/sh;
			shellScript = "\"${PODS_ROOT}/Target Support Files/Pods-AlinmaPay/Pods-AlinmaPay-frameworks.sh\"\n";
			showEnvVarsInLog = 0;
		};
		43AD0169B05ABFAA38F076A6 /* [CP] Embed Pods Frameworks */ = {
			isa = PBXShellScriptBuildPhase;
			buildActionMask = 2147483647;
			files = (
			);
			inputFileListPaths = (
				"${PODS_ROOT}/Target Support Files/Pods-AlinmaPay-AlinmaPayPreProd/Pods-AlinmaPay-AlinmaPayPreProd-frameworks-${CONFIGURATION}-input-files.xcfilelist",
			);
			name = "[CP] Embed Pods Frameworks";
			outputFileListPaths = (
				"${PODS_ROOT}/Target Support Files/Pods-AlinmaPay-AlinmaPayPreProd/Pods-AlinmaPay-AlinmaPayPreProd-frameworks-${CONFIGURATION}-output-files.xcfilelist",
			);
			runOnlyForDeploymentPostprocessing = 0;
			shellPath = /bin/sh;
			shellScript = "\"${PODS_ROOT}/Target Support Files/Pods-AlinmaPay-AlinmaPayPreProd/Pods-AlinmaPay-AlinmaPayPreProd-frameworks.sh\"\n";
			showEnvVarsInLog = 0;
		};
		44863CA967A90AC0251AC6BC /* [CP] Embed Pods Frameworks */ = {
			isa = PBXShellScriptBuildPhase;
			buildActionMask = 2147483647;
			files = (
			);
			inputFileListPaths = (
				"${PODS_ROOT}/Target Support Files/Pods-AlinmaPay-AlinmaPayUat/Pods-AlinmaPay-AlinmaPayUat-frameworks-${CONFIGURATION}-input-files.xcfilelist",
			);
			name = "[CP] Embed Pods Frameworks";
			outputFileListPaths = (
				"${PODS_ROOT}/Target Support Files/Pods-AlinmaPay-AlinmaPayUat/Pods-AlinmaPay-AlinmaPayUat-frameworks-${CONFIGURATION}-output-files.xcfilelist",
			);
			runOnlyForDeploymentPostprocessing = 0;
			shellPath = /bin/sh;
			shellScript = "\"${PODS_ROOT}/Target Support Files/Pods-AlinmaPay-AlinmaPayUat/Pods-AlinmaPay-AlinmaPayUat-frameworks.sh\"\n";
			showEnvVarsInLog = 0;
		};
		72E25A4D3AE80D8144783709 /* [CP] Copy Pods Resources */ = {
			isa = PBXShellScriptBuildPhase;
			buildActionMask = 2147483647;
			files = (
			);
			inputFileListPaths = (
				"${PODS_ROOT}/Target Support Files/Pods-AlinmaPay-AlinmaPayUat/Pods-AlinmaPay-AlinmaPayUat-resources-${CONFIGURATION}-input-files.xcfilelist",
			);
			name = "[CP] Copy Pods Resources";
			outputFileListPaths = (
				"${PODS_ROOT}/Target Support Files/Pods-AlinmaPay-AlinmaPayUat/Pods-AlinmaPay-AlinmaPayUat-resources-${CONFIGURATION}-output-files.xcfilelist",
			);
			runOnlyForDeploymentPostprocessing = 0;
			shellPath = /bin/sh;
			shellScript = "\"${PODS_ROOT}/Target Support Files/Pods-AlinmaPay-AlinmaPayUat/Pods-AlinmaPay-AlinmaPayUat-resources.sh\"\n";
			showEnvVarsInLog = 0;
		};
		778AC5228D175DC65921BA79 /* [CP] Embed Pods Frameworks */ = {
			isa = PBXShellScriptBuildPhase;
			buildActionMask = 2147483647;
			files = (
			);
			inputFileListPaths = (
				"${PODS_ROOT}/Target Support Files/Pods-AlinmaPay-AlinmaPayTests/Pods-AlinmaPay-AlinmaPayTests-frameworks-${CONFIGURATION}-input-files.xcfilelist",
			);
			name = "[CP] Embed Pods Frameworks";
			outputFileListPaths = (
				"${PODS_ROOT}/Target Support Files/Pods-AlinmaPay-AlinmaPayTests/Pods-AlinmaPay-AlinmaPayTests-frameworks-${CONFIGURATION}-output-files.xcfilelist",
			);
			runOnlyForDeploymentPostprocessing = 0;
			shellPath = /bin/sh;
			shellScript = "\"${PODS_ROOT}/Target Support Files/Pods-AlinmaPay-AlinmaPayTests/Pods-AlinmaPay-AlinmaPayTests-frameworks.sh\"\n";
			showEnvVarsInLog = 0;
		};
		7C5C703DA9017A20776C525A /* [CP] Check Pods Manifest.lock */ = {
			isa = PBXShellScriptBuildPhase;
			buildActionMask = 2147483647;
			files = (
			);
			inputFileListPaths = (
			);
			inputPaths = (
				"${PODS_PODFILE_DIR_PATH}/Podfile.lock",
				"${PODS_ROOT}/Manifest.lock",
			);
			name = "[CP] Check Pods Manifest.lock";
			outputFileListPaths = (
			);
			outputPaths = (
				"$(DERIVED_FILE_DIR)/Pods-AlinmaPay-AlinmaPayTests-checkManifestLockResult.txt",
			);
			runOnlyForDeploymentPostprocessing = 0;
			shellPath = /bin/sh;
			shellScript = "diff \"${PODS_PODFILE_DIR_PATH}/Podfile.lock\" \"${PODS_ROOT}/Manifest.lock\" > /dev/null\nif [ $? != 0 ] ; then\n    # print error to STDERR\n    echo \"error: The sandbox is not in sync with the Podfile.lock. Run 'pod install' or update your CocoaPods installation.\" >&2\n    exit 1\nfi\n# This output is used by Xcode 'outputs' to avoid re-running this script phase.\necho \"SUCCESS\" > \"${SCRIPT_OUTPUT_FILE_0}\"\n";
			showEnvVarsInLog = 0;
		};
		84267A872BC1AFA20024F0EA /* Bundle React Native code and images */ = {
			isa = PBXShellScriptBuildPhase;
			buildActionMask = 2147483647;
			files = (
			);
			inputPaths = (
				"$(SRCROOT)/.xcode.env.local",
				"$(SRCROOT)/.xcode.env",
			);
			name = "Bundle React Native code and images";
			outputPaths = (
			);
			runOnlyForDeploymentPostprocessing = 0;
			shellPath = /bin/sh;
			shellScript = "set -e\n\nWITH_ENVIRONMENT=\"$REACT_NATIVE_PATH/scripts/xcode/with-environment.sh\"\nREACT_NATIVE_XCODE=\"$REACT_NATIVE_PATH/scripts/react-native-xcode.sh\"\n\n/bin/sh -c \"$WITH_ENVIRONMENT $REACT_NATIVE_XCODE\"\n";
		};
		84267A992BC1B5C00024F0EA /* Bundle React Native code and images */ = {
			isa = PBXShellScriptBuildPhase;
			buildActionMask = 2147483647;
			files = (
			);
			inputPaths = (
				"$(SRCROOT)/.xcode.env.local",
				"$(SRCROOT)/.xcode.env",
			);
			name = "Bundle React Native code and images";
			outputPaths = (
			);
			runOnlyForDeploymentPostprocessing = 0;
			shellPath = /bin/sh;
			shellScript = "set -e\n\nWITH_ENVIRONMENT=\"$REACT_NATIVE_PATH/scripts/xcode/with-environment.sh\"\nREACT_NATIVE_XCODE=\"$REACT_NATIVE_PATH/scripts/react-native-xcode.sh\"\n\n/bin/sh -c \"$WITH_ENVIRONMENT $REACT_NATIVE_XCODE\"\n";
		};
		84267AAB2BC1B65E0024F0EA /* Bundle React Native code and images */ = {
			isa = PBXShellScriptBuildPhase;
			buildActionMask = 2147483647;
			files = (
			);
			inputPaths = (
				"$(SRCROOT)/.xcode.env.local",
				"$(SRCROOT)/.xcode.env",
			);
			name = "Bundle React Native code and images";
			outputPaths = (
			);
			runOnlyForDeploymentPostprocessing = 0;
			shellPath = /bin/sh;
			shellScript = "set -e\n\nWITH_ENVIRONMENT=\"$REACT_NATIVE_PATH/scripts/xcode/with-environment.sh\"\nREACT_NATIVE_XCODE=\"$REACT_NATIVE_PATH/scripts/react-native-xcode.sh\"\n\n/bin/sh -c \"$WITH_ENVIRONMENT $REACT_NATIVE_XCODE\"\n";
		};
		84267ABD2BC1B6D20024F0EA /* Bundle React Native code and images */ = {
			isa = PBXShellScriptBuildPhase;
			buildActionMask = 2147483647;
			files = (
			);
			inputPaths = (
				"$(SRCROOT)/.xcode.env.local",
				"$(SRCROOT)/.xcode.env",
			);
			name = "Bundle React Native code and images";
			outputPaths = (
			);
			runOnlyForDeploymentPostprocessing = 0;
			shellPath = /bin/sh;
			shellScript = "set -e\n\nWITH_ENVIRONMENT=\"$REACT_NATIVE_PATH/scripts/xcode/with-environment.sh\"\nREACT_NATIVE_XCODE=\"$REACT_NATIVE_PATH/scripts/react-native-xcode.sh\"\n\n/bin/sh -c \"$WITH_ENVIRONMENT $REACT_NATIVE_XCODE\"\n";
		};
		9277AF0DFF7764BE37E44AC4 /* [CP] Embed Pods Frameworks */ = {
			isa = PBXShellScriptBuildPhase;
			buildActionMask = 2147483647;
			files = (
			);
			inputFileListPaths = (
				"${PODS_ROOT}/Target Support Files/Pods-AlinmaPay-AlinmaPayDev/Pods-AlinmaPay-AlinmaPayDev-frameworks-${CONFIGURATION}-input-files.xcfilelist",
			);
			name = "[CP] Embed Pods Frameworks";
			outputFileListPaths = (
				"${PODS_ROOT}/Target Support Files/Pods-AlinmaPay-AlinmaPayDev/Pods-AlinmaPay-AlinmaPayDev-frameworks-${CONFIGURATION}-output-files.xcfilelist",
			);
			runOnlyForDeploymentPostprocessing = 0;
			shellPath = /bin/sh;
			shellScript = "\"${PODS_ROOT}/Target Support Files/Pods-AlinmaPay-AlinmaPayDev/Pods-AlinmaPay-AlinmaPayDev-frameworks.sh\"\n";
			showEnvVarsInLog = 0;
		};
		AADFF5605C6D3A858A627681 /* [CP] Check Pods Manifest.lock */ = {
			isa = PBXShellScriptBuildPhase;
			buildActionMask = 2147483647;
			files = (
			);
			inputFileListPaths = (
			);
			inputPaths = (
				"${PODS_PODFILE_DIR_PATH}/Podfile.lock",
				"${PODS_ROOT}/Manifest.lock",
			);
			name = "[CP] Check Pods Manifest.lock";
			outputFileListPaths = (
			);
			outputPaths = (
				"$(DERIVED_FILE_DIR)/Pods-AlinmaPay-AlinmaPayPreProd-checkManifestLockResult.txt",
			);
			runOnlyForDeploymentPostprocessing = 0;
			shellPath = /bin/sh;
			shellScript = "diff \"${PODS_PODFILE_DIR_PATH}/Podfile.lock\" \"${PODS_ROOT}/Manifest.lock\" > /dev/null\nif [ $? != 0 ] ; then\n    # print error to STDERR\n    echo \"error: The sandbox is not in sync with the Podfile.lock. Run 'pod install' or update your CocoaPods installation.\" >&2\n    exit 1\nfi\n# This output is used by Xcode 'outputs' to avoid re-running this script phase.\necho \"SUCCESS\" > \"${SCRIPT_OUTPUT_FILE_0}\"\n";
			showEnvVarsInLog = 0;
		};
		B3141506527D2027FBF16AC7 /* [CP] Copy Pods Resources */ = {
			isa = PBXShellScriptBuildPhase;
			buildActionMask = 2147483647;
			files = (
			);
			inputFileListPaths = (
				"${PODS_ROOT}/Target Support Files/Pods-AlinmaPay-AlinmaPayTests/Pods-AlinmaPay-AlinmaPayTests-resources-${CONFIGURATION}-input-files.xcfilelist",
			);
			name = "[CP] Copy Pods Resources";
			outputFileListPaths = (
				"${PODS_ROOT}/Target Support Files/Pods-AlinmaPay-AlinmaPayTests/Pods-AlinmaPay-AlinmaPayTests-resources-${CONFIGURATION}-output-files.xcfilelist",
			);
			runOnlyForDeploymentPostprocessing = 0;
			shellPath = /bin/sh;
			shellScript = "\"${PODS_ROOT}/Target Support Files/Pods-AlinmaPay-AlinmaPayTests/Pods-AlinmaPay-AlinmaPayTests-resources.sh\"\n";
			showEnvVarsInLog = 0;
		};
		B37A87DE960649B938D1739E /* [CP] Check Pods Manifest.lock */ = {
			isa = PBXShellScriptBuildPhase;
			buildActionMask = 2147483647;
			files = (
			);
			inputFileListPaths = (
			);
			inputPaths = (
				"${PODS_PODFILE_DIR_PATH}/Podfile.lock",
				"${PODS_ROOT}/Manifest.lock",
			);
			name = "[CP] Check Pods Manifest.lock";
			outputFileListPaths = (
			);
			outputPaths = (
				"$(DERIVED_FILE_DIR)/Pods-AlinmaPay-AlinmaPayDev-checkManifestLockResult.txt",
			);
			runOnlyForDeploymentPostprocessing = 0;
			shellPath = /bin/sh;
			shellScript = "diff \"${PODS_PODFILE_DIR_PATH}/Podfile.lock\" \"${PODS_ROOT}/Manifest.lock\" > /dev/null\nif [ $? != 0 ] ; then\n    # print error to STDERR\n    echo \"error: The sandbox is not in sync with the Podfile.lock. Run 'pod install' or update your CocoaPods installation.\" >&2\n    exit 1\nfi\n# This output is used by Xcode 'outputs' to avoid re-running this script phase.\necho \"SUCCESS\" > \"${SCRIPT_OUTPUT_FILE_0}\"\n";
			showEnvVarsInLog = 0;
		};
		C5398876F4C84D43D337F728 /* [CP] Embed Pods Frameworks */ = {
			isa = PBXShellScriptBuildPhase;
			buildActionMask = 2147483647;
			files = (
			);
			inputFileListPaths = (
				"${PODS_ROOT}/Target Support Files/Pods-AlinmaPay-AlinmaPaySit/Pods-AlinmaPay-AlinmaPaySit-frameworks-${CONFIGURATION}-input-files.xcfilelist",
			);
			name = "[CP] Embed Pods Frameworks";
			outputFileListPaths = (
				"${PODS_ROOT}/Target Support Files/Pods-AlinmaPay-AlinmaPaySit/Pods-AlinmaPay-AlinmaPaySit-frameworks-${CONFIGURATION}-output-files.xcfilelist",
			);
			runOnlyForDeploymentPostprocessing = 0;
			shellPath = /bin/sh;
			shellScript = "\"${PODS_ROOT}/Target Support Files/Pods-AlinmaPay-AlinmaPaySit/Pods-AlinmaPay-AlinmaPaySit-frameworks.sh\"\n";
			showEnvVarsInLog = 0;
		};
		EA9CFF94AF722B4ECFB7E706 /* [CP] Copy Pods Resources */ = {
			isa = PBXShellScriptBuildPhase;
			buildActionMask = 2147483647;
			files = (
			);
			inputFileListPaths = (
				"${PODS_ROOT}/Target Support Files/Pods-AlinmaPay-AlinmaPaySit/Pods-AlinmaPay-AlinmaPaySit-resources-${CONFIGURATION}-input-files.xcfilelist",
			);
			name = "[CP] Copy Pods Resources";
			outputFileListPaths = (
				"${PODS_ROOT}/Target Support Files/Pods-AlinmaPay-AlinmaPaySit/Pods-AlinmaPay-AlinmaPaySit-resources-${CONFIGURATION}-output-files.xcfilelist",
			);
			runOnlyForDeploymentPostprocessing = 0;
			shellPath = /bin/sh;
			shellScript = "\"${PODS_ROOT}/Target Support Files/Pods-AlinmaPay-AlinmaPaySit/Pods-AlinmaPay-AlinmaPaySit-resources.sh\"\n";
			showEnvVarsInLog = 0;
		};
		F58A93EE8659532F293182B5 /* [CP] Check Pods Manifest.lock */ = {
			isa = PBXShellScriptBuildPhase;
			buildActionMask = 2147483647;
			files = (
			);
			inputFileListPaths = (
			);
			inputPaths = (
				"${PODS_PODFILE_DIR_PATH}/Podfile.lock",
				"${PODS_ROOT}/Manifest.lock",
			);
			name = "[CP] Check Pods Manifest.lock";
			outputFileListPaths = (
			);
			outputPaths = (
				"$(DERIVED_FILE_DIR)/Pods-AlinmaPay-AlinmaPaySit-checkManifestLockResult.txt",
			);
			runOnlyForDeploymentPostprocessing = 0;
			shellPath = /bin/sh;
			shellScript = "diff \"${PODS_PODFILE_DIR_PATH}/Podfile.lock\" \"${PODS_ROOT}/Manifest.lock\" > /dev/null\nif [ $? != 0 ] ; then\n    # print error to STDERR\n    echo \"error: The sandbox is not in sync with the Podfile.lock. Run 'pod install' or update your CocoaPods installation.\" >&2\n    exit 1\nfi\n# This output is used by Xcode 'outputs' to avoid re-running this script phase.\necho \"SUCCESS\" > \"${SCRIPT_OUTPUT_FILE_0}\"\n";
			showEnvVarsInLog = 0;
		};
/* End PBXShellScriptBuildPhase section */

/* Begin PBXSourcesBuildPhase section */
		00E356EA1AD99517003FC87E /* Sources */ = {
			isa = PBXSourcesBuildPhase;
			buildActionMask = 2147483647;
			files = (
				00E356F31AD99517003FC87E /* AlinmaPayTests.m in Sources */,
				3235ED9F2C89F38300D17AEE /* AppleWallet.m in Sources */,
			);
			runOnlyForDeploymentPostprocessing = 0;
		};
		13B07F871A680F5B00A75B9A /* Sources */ = {
			isa = PBXSourcesBuildPhase;
			buildActionMask = 2147483647;
			files = (
				13B07FBC1A68108700A75B9A /* AppDelegate.mm in Sources */,
				3235ED9E2C89F38300D17AEE /* AppleWallet.m in Sources */,
				13B07FC11A68108700A75B9A /* main.m in Sources */,
			);
			runOnlyForDeploymentPostprocessing = 0;
		};
		84267A7F2BC1AFA20024F0EA /* Sources */ = {
			isa = PBXSourcesBuildPhase;
			buildActionMask = 2147483647;
			files = (
				84267A802BC1AFA20024F0EA /* AppDelegate.mm in Sources */,
				3235EDA02C89F38300D17AEE /* AppleWallet.m in Sources */,
				84267A812BC1AFA20024F0EA /* main.m in Sources */,
			);
			runOnlyForDeploymentPostprocessing = 0;
		};
		84267A912BC1B5C00024F0EA /* Sources */ = {
			isa = PBXSourcesBuildPhase;
			buildActionMask = 2147483647;
			files = (
				84267A922BC1B5C00024F0EA /* AppDelegate.mm in Sources */,
				3235EDA12C89F38300D17AEE /* AppleWallet.m in Sources */,
				84267A932BC1B5C00024F0EA /* main.m in Sources */,
			);
			runOnlyForDeploymentPostprocessing = 0;
		};
		84267AA32BC1B65E0024F0EA /* Sources */ = {
			isa = PBXSourcesBuildPhase;
			buildActionMask = 2147483647;
			files = (
				84267AA42BC1B65E0024F0EA /* AppDelegate.mm in Sources */,
				3235EDA22C89F38300D17AEE /* AppleWallet.m in Sources */,
				84267AA52BC1B65E0024F0EA /* main.m in Sources */,
			);
			runOnlyForDeploymentPostprocessing = 0;
		};
		84267AB52BC1B6D20024F0EA /* Sources */ = {
			isa = PBXSourcesBuildPhase;
			buildActionMask = 2147483647;
			files = (
				84267AB62BC1B6D20024F0EA /* AppDelegate.mm in Sources */,
				3235EDA32C89F38300D17AEE /* AppleWallet.m in Sources */,
				84267AB72BC1B6D20024F0EA /* main.m in Sources */,
			);
			runOnlyForDeploymentPostprocessing = 0;
		};
/* End PBXSourcesBuildPhase section */

/* Begin PBXTargetDependency section */
		00E356F51AD99517003FC87E /* PBXTargetDependency */ = {
			isa = PBXTargetDependency;
			target = 13B07F861A680F5B00A75B9A /* AlinmaPay */;
			targetProxy = 00E356F41AD99517003FC87E /* PBXContainerItemProxy */;
		};
/* End PBXTargetDependency section */

/* Begin XCBuildConfiguration section */
		00E356F61AD99517003FC87E /* Debug */ = {
			isa = XCBuildConfiguration;
			baseConfigurationReference = CBDEA7189FC4984124519C39 /* Pods-AlinmaPay-AlinmaPayTests.debug.xcconfig */;
			buildSettings = {
				BUNDLE_LOADER = "$(TEST_HOST)";
				"CODE_SIGN_ENTITLEMENTS[sdk=*]" = "AlinmaPay-Debug.entitlements";
				GCC_PREPROCESSOR_DEFINITIONS = (
					"DEBUG=1",
					"$(inherited)",
				);
				INFOPLIST_FILE = AlinmaPayTests/Info.plist;
				IPHONEOS_DEPLOYMENT_TARGET = 13.4;
				LD_RUNPATH_SEARCH_PATHS = (
					"$(inherited)",
					"@executable_path/Frameworks",
					"@loader_path/Frameworks",
				);
				OTHER_LDFLAGS = (
					"-ObjC",
					"-lc++",
					"$(inherited)",
				);
				PRODUCT_BUNDLE_IDENTIFIER = "org.reactjs.native.example.$(PRODUCT_NAME:rfc1034identifier)";
				PRODUCT_NAME = "$(TARGET_NAME)";
				TEST_HOST = "$(BUILT_PRODUCTS_DIR)/AlinmaPay.app/AlinmaPay";
			};
			name = Debug;
		};
		00E356F71AD99517003FC87E /* Release */ = {
			isa = XCBuildConfiguration;
			baseConfigurationReference = 9586FC17C314740F34C2D4EA /* Pods-AlinmaPay-AlinmaPayTests.release.xcconfig */;
			buildSettings = {
				BUNDLE_LOADER = "$(TEST_HOST)";
				"CODE_SIGN_ENTITLEMENTS[sdk=*]" = "AlinmaPay-Release.entitlements";
				COPY_PHASE_STRIP = NO;
				INFOPLIST_FILE = AlinmaPayTests/Info.plist;
				IPHONEOS_DEPLOYMENT_TARGET = 13.4;
				LD_RUNPATH_SEARCH_PATHS = (
					"$(inherited)",
					"@executable_path/Frameworks",
					"@loader_path/Frameworks",
				);
				OTHER_LDFLAGS = (
					"-ObjC",
					"-lc++",
					"$(inherited)",
				);
				PRODUCT_BUNDLE_IDENTIFIER = "org.reactjs.native.example.$(PRODUCT_NAME:rfc1034identifier)";
				PRODUCT_NAME = "$(TARGET_NAME)";
				TEST_HOST = "$(BUILT_PRODUCTS_DIR)/AlinmaPay.app/AlinmaPay";
			};
			name = Release;
		};
		13B07F941A680F5B00A75B9A /* Debug */ = {
			isa = XCBuildConfiguration;
			baseConfigurationReference = 19292B0D4DE45478C59CB532 /* Pods-AlinmaPay.debug.xcconfig */;
			buildSettings = {
				ASSETCATALOG_COMPILER_APPICON_NAME = AppIcon;
				CLANG_ENABLE_MODULES = YES;
				"CODE_SIGN_ENTITLEMENTS[sdk=*]" = "AlinmaPay-Debug.entitlements";
				"CODE_SIGN_IDENTITY[sdk=iphoneos*]" = "iPhone Distribution";
				CODE_SIGN_STYLE = Manual;
				CURRENT_PROJECT_VERSION = 1;
				DEVELOPMENT_TEAM = "";
				"DEVELOPMENT_TEAM[sdk=iphoneos*]" = FJDPGPCEGJ;
				ENABLE_BITCODE = NO;
				INFOPLIST_FILE = AlinmaPay/Info.plist;
				LD_RUNPATH_SEARCH_PATHS = (
					"$(inherited)",
					"@executable_path/Frameworks",
				);
				MARKETING_VERSION = 1.0;
				OTHER_LDFLAGS = (
					"$(inherited)",
					"-ObjC",
					"-lc++",
				);
				PRODUCT_BUNDLE_IDENTIFIER = com.alinmapay.consumer.mobile;
				PRODUCT_NAME = AlinmaPay;
				PROVISIONING_PROFILE_SPECIFIER = "";
				"PROVISIONING_PROFILE_SPECIFIER[sdk=iphoneos*]" = Store_AlinmaPayConsumer_PP;
				SUPPORTED_PLATFORMS = "iphoneos iphonesimulator";
				SUPPORTS_MACCATALYST = NO;
				SUPPORTS_MAC_DESIGNED_FOR_IPHONE_IPAD = NO;
				SUPPORTS_XR_DESIGNED_FOR_IPHONE_IPAD = NO;
				SWIFT_OPTIMIZATION_LEVEL = "-Onone";
				SWIFT_VERSION = 5.0;
				TARGETED_DEVICE_FAMILY = 1;
				VERSIONING_SYSTEM = "apple-generic";
			};
			name = Debug;
		};
		13B07F951A680F5B00A75B9A /* Release */ = {
			isa = XCBuildConfiguration;
			baseConfigurationReference = BC0C84649A2A83646694D389 /* Pods-AlinmaPay.release.xcconfig */;
			buildSettings = {
				ASSETCATALOG_COMPILER_APPICON_NAME = AppIcon;
				CLANG_ENABLE_MODULES = YES;
				CODE_SIGN_ENTITLEMENTS = "";
				"CODE_SIGN_ENTITLEMENTS[sdk=*]" = "AlinmaPay-Release.entitlements";
				"CODE_SIGN_IDENTITY[sdk=iphoneos*]" = "iPhone Distribution";
				CODE_SIGN_STYLE = Manual;
				CURRENT_PROJECT_VERSION = 1;
				DEVELOPMENT_TEAM = "";
				"DEVELOPMENT_TEAM[sdk=iphoneos*]" = FJDPGPCEGJ;
				INFOPLIST_FILE = AlinmaPay/Info.plist;
				LD_RUNPATH_SEARCH_PATHS = (
					"$(inherited)",
					"@executable_path/Frameworks",
				);
				MARKETING_VERSION = 1.0;
				OTHER_LDFLAGS = (
					"$(inherited)",
					"-ObjC",
					"-lc++",
				);
				PRODUCT_BUNDLE_IDENTIFIER = com.alinmapay.consumer.mobile;
				PRODUCT_NAME = AlinmaPay;
				PROVISIONING_PROFILE_SPECIFIER = "";
				"PROVISIONING_PROFILE_SPECIFIER[sdk=iphoneos*]" = Store_AlinmaPayConsumer_PP;
				SUPPORTED_PLATFORMS = "iphoneos iphonesimulator";
				SUPPORTS_MACCATALYST = NO;
				SUPPORTS_MAC_DESIGNED_FOR_IPHONE_IPAD = NO;
				SUPPORTS_XR_DESIGNED_FOR_IPHONE_IPAD = NO;
				SWIFT_VERSION = 5.0;
				TARGETED_DEVICE_FAMILY = 1;
				VERSIONING_SYSTEM = "apple-generic";
			};
			name = Release;
		};
		83CBBA201A601CBA00E9B192 /* Debug */ = {
			isa = XCBuildConfiguration;
			buildSettings = {
				ALWAYS_SEARCH_USER_PATHS = NO;
				CC = "";
				CLANG_ANALYZER_LOCALIZABILITY_NONLOCALIZED = YES;
				CLANG_CXX_LANGUAGE_STANDARD = "c++20";
				CLANG_CXX_LIBRARY = "libc++";
				CLANG_ENABLE_MODULES = YES;
				CLANG_ENABLE_OBJC_ARC = YES;
				CLANG_WARN_BLOCK_CAPTURE_AUTORELEASING = YES;
				CLANG_WARN_BOOL_CONVERSION = YES;
				CLANG_WARN_COMMA = YES;
				CLANG_WARN_CONSTANT_CONVERSION = YES;
				CLANG_WARN_DEPRECATED_OBJC_IMPLEMENTATIONS = YES;
				CLANG_WARN_DIRECT_OBJC_ISA_USAGE = YES_ERROR;
				CLANG_WARN_EMPTY_BODY = YES;
				CLANG_WARN_ENUM_CONVERSION = YES;
				CLANG_WARN_INFINITE_RECURSION = YES;
				CLANG_WARN_INT_CONVERSION = YES;
				CLANG_WARN_NON_LITERAL_NULL_CONVERSION = YES;
				CLANG_WARN_OBJC_IMPLICIT_RETAIN_SELF = YES;
				CLANG_WARN_OBJC_LITERAL_CONVERSION = YES;
				CLANG_WARN_OBJC_ROOT_CLASS = YES_ERROR;
				CLANG_WARN_QUOTED_INCLUDE_IN_FRAMEWORK_HEADER = YES;
				CLANG_WARN_RANGE_LOOP_ANALYSIS = YES;
				CLANG_WARN_STRICT_PROTOTYPES = YES;
				CLANG_WARN_SUSPICIOUS_MOVE = YES;
				CLANG_WARN_UNREACHABLE_CODE = YES;
				CLANG_WARN__DUPLICATE_METHOD_MATCH = YES;
				"CODE_SIGN_IDENTITY[sdk=iphoneos*]" = "iPhone Developer";
				COPY_PHASE_STRIP = NO;
				CXX = "";
				ENABLE_STRICT_OBJC_MSGSEND = YES;
				ENABLE_TESTABILITY = YES;
				"EXCLUDED_ARCHS[sdk=iphonesimulator*]" = i386;
				GCC_C_LANGUAGE_STANDARD = gnu99;
				GCC_DYNAMIC_NO_PIC = NO;
				GCC_NO_COMMON_BLOCKS = YES;
				GCC_OPTIMIZATION_LEVEL = 0;
				GCC_PREPROCESSOR_DEFINITIONS = (
					"DEBUG=1",
					"$(inherited)",
				);
				GCC_SYMBOLS_PRIVATE_EXTERN = NO;
				GCC_WARN_64_TO_32_BIT_CONVERSION = YES;
				GCC_WARN_ABOUT_RETURN_TYPE = YES_ERROR;
				GCC_WARN_UNDECLARED_SELECTOR = YES;
				GCC_WARN_UNINITIALIZED_AUTOS = YES_AGGRESSIVE;
				GCC_WARN_UNUSED_FUNCTION = YES;
				GCC_WARN_UNUSED_VARIABLE = YES;
				IPHONEOS_DEPLOYMENT_TARGET = 13.4;
				LD = "";
				LDPLUSPLUS = "";
				LD_RUNPATH_SEARCH_PATHS = (
					/usr/lib/swift,
					"$(inherited)",
				);
				LIBRARY_SEARCH_PATHS = (
					"\"$(SDKROOT)/usr/lib/swift\"",
					"\"$(TOOLCHAIN_DIR)/usr/lib/swift/$(PLATFORM_NAME)\"",
					"\"$(inherited)\"",
				);
				MTL_ENABLE_DEBUG_INFO = YES;
				ONLY_ACTIVE_ARCH = YES;
				OTHER_CFLAGS = "$(inherited)";
				OTHER_CPLUSPLUSFLAGS = (
					"$(OTHER_CFLAGS)",
					"-DFOLLY_NO_CONFIG",
					"-DFOLLY_MOBILE=1",
					"-DFOLLY_USE_LIBCPP=1",
					"-DFOLLY_CFG_NO_COROUTINES=1",
					"-DFOLLY_HAVE_CLOCK_GETTIME=1",
				);
				OTHER_LDFLAGS = "$(inherited)";
				REACT_NATIVE_PATH = "${PODS_ROOT}/../../node_modules/react-native";
				SDKROOT = iphoneos;
				USE_HERMES = true;
			};
			name = Debug;
		};
		83CBBA211A601CBA00E9B192 /* Release */ = {
			isa = XCBuildConfiguration;
			buildSettings = {
				ALWAYS_SEARCH_USER_PATHS = NO;
				CC = "";
				CLANG_ANALYZER_LOCALIZABILITY_NONLOCALIZED = YES;
				CLANG_CXX_LANGUAGE_STANDARD = "c++20";
				CLANG_CXX_LIBRARY = "libc++";
				CLANG_ENABLE_MODULES = YES;
				CLANG_ENABLE_OBJC_ARC = YES;
				CLANG_WARN_BLOCK_CAPTURE_AUTORELEASING = YES;
				CLANG_WARN_BOOL_CONVERSION = YES;
				CLANG_WARN_COMMA = YES;
				CLANG_WARN_CONSTANT_CONVERSION = YES;
				CLANG_WARN_DEPRECATED_OBJC_IMPLEMENTATIONS = YES;
				CLANG_WARN_DIRECT_OBJC_ISA_USAGE = YES_ERROR;
				CLANG_WARN_EMPTY_BODY = YES;
				CLANG_WARN_ENUM_CONVERSION = YES;
				CLANG_WARN_INFINITE_RECURSION = YES;
				CLANG_WARN_INT_CONVERSION = YES;
				CLANG_WARN_NON_LITERAL_NULL_CONVERSION = YES;
				CLANG_WARN_OBJC_IMPLICIT_RETAIN_SELF = YES;
				CLANG_WARN_OBJC_LITERAL_CONVERSION = YES;
				CLANG_WARN_OBJC_ROOT_CLASS = YES_ERROR;
				CLANG_WARN_QUOTED_INCLUDE_IN_FRAMEWORK_HEADER = YES;
				CLANG_WARN_RANGE_LOOP_ANALYSIS = YES;
				CLANG_WARN_STRICT_PROTOTYPES = YES;
				CLANG_WARN_SUSPICIOUS_MOVE = YES;
				CLANG_WARN_UNREACHABLE_CODE = YES;
				CLANG_WARN__DUPLICATE_METHOD_MATCH = YES;
				"CODE_SIGN_IDENTITY[sdk=iphoneos*]" = "iPhone Developer";
				COPY_PHASE_STRIP = YES;
				CXX = "";
				ENABLE_NS_ASSERTIONS = NO;
				ENABLE_STRICT_OBJC_MSGSEND = YES;
				"EXCLUDED_ARCHS[sdk=iphonesimulator*]" = i386;
				GCC_C_LANGUAGE_STANDARD = gnu99;
				GCC_NO_COMMON_BLOCKS = YES;
				GCC_WARN_64_TO_32_BIT_CONVERSION = YES;
				GCC_WARN_ABOUT_RETURN_TYPE = YES_ERROR;
				GCC_WARN_UNDECLARED_SELECTOR = YES;
				GCC_WARN_UNINITIALIZED_AUTOS = YES_AGGRESSIVE;
				GCC_WARN_UNUSED_FUNCTION = YES;
				GCC_WARN_UNUSED_VARIABLE = YES;
				IPHONEOS_DEPLOYMENT_TARGET = 13.4;
				LD = "";
				LDPLUSPLUS = "";
				LD_RUNPATH_SEARCH_PATHS = (
					/usr/lib/swift,
					"$(inherited)",
				);
				LIBRARY_SEARCH_PATHS = (
					"\"$(SDKROOT)/usr/lib/swift\"",
					"\"$(TOOLCHAIN_DIR)/usr/lib/swift/$(PLATFORM_NAME)\"",
					"\"$(inherited)\"",
				);
				MTL_ENABLE_DEBUG_INFO = NO;
				OTHER_CFLAGS = "$(inherited)";
				OTHER_CPLUSPLUSFLAGS = (
					"$(OTHER_CFLAGS)",
					"-DFOLLY_NO_CONFIG",
					"-DFOLLY_MOBILE=1",
					"-DFOLLY_USE_LIBCPP=1",
					"-DFOLLY_CFG_NO_COROUTINES=1",
					"-DFOLLY_HAVE_CLOCK_GETTIME=1",
				);
				OTHER_LDFLAGS = "$(inherited)";
				REACT_NATIVE_PATH = "${PODS_ROOT}/../../node_modules/react-native";
				SDKROOT = iphoneos;
				USE_HERMES = true;
				VALIDATE_PRODUCT = YES;
			};
			name = Release;
		};
		84267A8B2BC1AFA20024F0EA /* Debug */ = {
			isa = XCBuildConfiguration;
			baseConfigurationReference = BCD03AAFC5472153F144B169 /* Pods-AlinmaPay-AlinmaPayDev.debug.xcconfig */;
			buildSettings = {
				ASSETCATALOG_COMPILER_APPICON_NAME = AppIcon;
				CLANG_ENABLE_MODULES = YES;
				"CODE_SIGN_ENTITLEMENTS[sdk=*]" = "AlinmaPay-Debug.entitlements";
				CURRENT_PROJECT_VERSION = 1;
				DEVELOPMENT_TEAM = 4NEE4X89FR;
				ENABLE_BITCODE = NO;
				INFOPLIST_FILE = "AlinmaPayDev-Info.plist";
				INFOPLIST_KEY_CFBundleDisplayName = "AlinmaPay-dev";
				LD_RUNPATH_SEARCH_PATHS = (
					"$(inherited)",
					"@executable_path/Frameworks",
				);
				MARKETING_VERSION = 1.0;
				OTHER_LDFLAGS = (
					"$(inherited)",
					"-ObjC",
					"-lc++",
				);
				PRODUCT_BUNDLE_IDENTIFIER = com.alinmapay.consumer.mobile.dev;
				PRODUCT_NAME = "$(TARGET_NAME)";
				SUPPORTED_PLATFORMS = "iphoneos iphonesimulator";
				SUPPORTS_MACCATALYST = NO;
				SUPPORTS_MAC_DESIGNED_FOR_IPHONE_IPAD = NO;
				SUPPORTS_XR_DESIGNED_FOR_IPHONE_IPAD = NO;
				SWIFT_OPTIMIZATION_LEVEL = "-Onone";
				SWIFT_VERSION = 5.0;
				TARGETED_DEVICE_FAMILY = 1;
				VERSIONING_SYSTEM = "apple-generic";
			};
			name = Debug;
		};
		84267A8C2BC1AFA20024F0EA /* Release */ = {
			isa = XCBuildConfiguration;
			baseConfigurationReference = F71CE485A79E03A6AB4D7F6B /* Pods-AlinmaPay-AlinmaPayDev.release.xcconfig */;
			buildSettings = {
				ASSETCATALOG_COMPILER_APPICON_NAME = AppIcon;
				CLANG_ENABLE_MODULES = YES;
				"CODE_SIGN_ENTITLEMENTS[sdk=*]" = "AlinmaPay-Release.entitlements";
				CURRENT_PROJECT_VERSION = 1;
				DEVELOPMENT_TEAM = 4NEE4X89FR;
				INFOPLIST_FILE = "AlinmaPayDev-Info.plist";
				INFOPLIST_KEY_CFBundleDisplayName = "AlinmaPay-dev";
				LD_RUNPATH_SEARCH_PATHS = (
					"$(inherited)",
					"@executable_path/Frameworks",
				);
				MARKETING_VERSION = 1.0;
				OTHER_LDFLAGS = (
					"$(inherited)",
					"-ObjC",
					"-lc++",
				);
				PRODUCT_BUNDLE_IDENTIFIER = com.alinmapay.consumer.mobile.dev;
				PRODUCT_NAME = "$(TARGET_NAME)";
				SUPPORTED_PLATFORMS = "iphoneos iphonesimulator";
				SUPPORTS_MACCATALYST = NO;
				SUPPORTS_MAC_DESIGNED_FOR_IPHONE_IPAD = NO;
				SUPPORTS_XR_DESIGNED_FOR_IPHONE_IPAD = NO;
				SWIFT_VERSION = 5.0;
				TARGETED_DEVICE_FAMILY = 1;
				VERSIONING_SYSTEM = "apple-generic";
			};
			name = Release;
		};
		84267A9D2BC1B5C00024F0EA /* Debug */ = {
			isa = XCBuildConfiguration;
			baseConfigurationReference = E068FB64930EA4BFD0323B72 /* Pods-AlinmaPay-AlinmaPayPreProd.debug.xcconfig */;
			buildSettings = {
				ASSETCATALOG_COMPILER_APPICON_NAME = AppIcon;
				CLANG_ENABLE_MODULES = YES;
				"CODE_SIGN_IDENTITY[sdk=iphoneos*]" = "iPhone Distribution";
				CODE_SIGN_STYLE = Manual;
				CURRENT_PROJECT_VERSION = 241006;
				DEVELOPMENT_TEAM = "";
				"DEVELOPMENT_TEAM[sdk=iphoneos*]" = MLW6TX26D9;
				ENABLE_BITCODE = NO;
				INFOPLIST_FILE = "AlinmaPayPreProd-Info.plist";
				INFOPLIST_KEY_CFBundleDisplayName = "AlinmaPay-preprod";
				INFOPLIST_KEY_LSApplicationCategoryType = "public.app-category.finance";
				LD_RUNPATH_SEARCH_PATHS = (
					"$(inherited)",
					"@executable_path/Frameworks",
				);
				MARKETING_VERSION = 0.0.241006;
				OTHER_LDFLAGS = (
					"$(inherited)",
					"-ObjC",
					"-lc++",
				);
				PRODUCT_BUNDLE_IDENTIFIER = com.alinmapay.consumer.mobile.ent;
				PRODUCT_NAME = "$(TARGET_NAME)";
				PROVISIONING_PROFILE_SPECIFIER = "";
				"PROVISIONING_PROFILE_SPECIFIER[sdk=iphoneos*]" = InHouse_AlinmaPayRN_Ent_ProvProf;
				SUPPORTED_PLATFORMS = "iphoneos iphonesimulator";
				SUPPORTS_MACCATALYST = NO;
				SUPPORTS_MAC_DESIGNED_FOR_IPHONE_IPAD = NO;
				SUPPORTS_XR_DESIGNED_FOR_IPHONE_IPAD = NO;
				SWIFT_OPTIMIZATION_LEVEL = "-Onone";
				SWIFT_VERSION = 5.0;
				TARGETED_DEVICE_FAMILY = 1;
				VERSIONING_SYSTEM = "apple-generic";
			};
			name = Debug;
		};
		84267A9E2BC1B5C00024F0EA /* Release */ = {
			isa = XCBuildConfiguration;
			baseConfigurationReference = 5CB692E0824510D6E7EEF2ED /* Pods-AlinmaPay-AlinmaPayPreProd.release.xcconfig */;
			buildSettings = {
				ASSETCATALOG_COMPILER_APPICON_NAME = AppIcon;
				CLANG_ENABLE_MODULES = YES;
				"CODE_SIGN_IDENTITY[sdk=iphoneos*]" = "iPhone Distribution";
				CODE_SIGN_STYLE = Manual;
				CURRENT_PROJECT_VERSION = 241006;
				DEVELOPMENT_TEAM = "";
				"DEVELOPMENT_TEAM[sdk=iphoneos*]" = MLW6TX26D9;
				INFOPLIST_FILE = "AlinmaPayPreProd-Info.plist";
				INFOPLIST_KEY_CFBundleDisplayName = "AlinmaPay-preprod";
				INFOPLIST_KEY_LSApplicationCategoryType = "public.app-category.finance";
				LD_RUNPATH_SEARCH_PATHS = (
					"$(inherited)",
					"@executable_path/Frameworks",
				);
				MARKETING_VERSION = 0.0.241006;
				OTHER_LDFLAGS = (
					"$(inherited)",
					"-ObjC",
					"-lc++",
				);
				PRODUCT_BUNDLE_IDENTIFIER = com.alinmapay.consumer.mobile.ent;
				PRODUCT_NAME = "$(TARGET_NAME)";
				PROVISIONING_PROFILE_SPECIFIER = "";
				"PROVISIONING_PROFILE_SPECIFIER[sdk=iphoneos*]" = InHouse_AlinmaPayRN_Ent_ProvProf;
				SUPPORTED_PLATFORMS = "iphoneos iphonesimulator";
				SUPPORTS_MACCATALYST = NO;
				SUPPORTS_MAC_DESIGNED_FOR_IPHONE_IPAD = NO;
				SUPPORTS_XR_DESIGNED_FOR_IPHONE_IPAD = NO;
				SWIFT_VERSION = 5.0;
				TARGETED_DEVICE_FAMILY = 1;
				VERSIONING_SYSTEM = "apple-generic";
			};
			name = Release;
		};
		84267AAF2BC1B65E0024F0EA /* Debug */ = {
			isa = XCBuildConfiguration;
			baseConfigurationReference = 75D9B17AA00312B045BB7846 /* Pods-AlinmaPay-AlinmaPayUat.debug.xcconfig */;
			buildSettings = {
				ASSETCATALOG_COMPILER_APPICON_NAME = AppIcon;
				CLANG_ENABLE_MODULES = YES;
				CODE_SIGN_ENTITLEMENTS = "";
				"CODE_SIGN_IDENTITY[sdk=iphoneos*]" = "iPhone Distribution";
				CODE_SIGN_STYLE = Manual;
				CURRENT_PROJECT_VERSION = 241006;
				DEVELOPMENT_TEAM = "";
				"DEVELOPMENT_TEAM[sdk=iphoneos*]" = MLW6TX26D9;
				ENABLE_BITCODE = NO;
				INFOPLIST_FILE = "AlinmaPayUat-Info.plist";
				INFOPLIST_KEY_CFBundleDisplayName = "AlinmaPay-uat";
				LD_RUNPATH_SEARCH_PATHS = (
					"$(inherited)",
					"@executable_path/Frameworks",
				);
				MARKETING_VERSION = 0.0.241006;
				OTHER_LDFLAGS = (
					"$(inherited)",
					"-ObjC",
					"-lc++",
				);
				PRODUCT_BUNDLE_IDENTIFIER = com.alinmapay.consumer.mobile.ent;
				PRODUCT_NAME = "$(TARGET_NAME)";
				PROVISIONING_PROFILE_SPECIFIER = "";
				"PROVISIONING_PROFILE_SPECIFIER[sdk=iphoneos*]" = InHouse_AlinmaPayRN_Ent_ProvProf;
				SUPPORTED_PLATFORMS = "iphoneos iphonesimulator";
				SUPPORTS_MACCATALYST = NO;
				SUPPORTS_MAC_DESIGNED_FOR_IPHONE_IPAD = NO;
				SUPPORTS_XR_DESIGNED_FOR_IPHONE_IPAD = NO;
				SWIFT_OPTIMIZATION_LEVEL = "-Onone";
				SWIFT_VERSION = 5.0;
				TARGETED_DEVICE_FAMILY = 1;
				VERSIONING_SYSTEM = "apple-generic";
			};
			name = Debug;
		};
		84267AB02BC1B65E0024F0EA /* Release */ = {
			isa = XCBuildConfiguration;
			baseConfigurationReference = 9E72BF29DC58A148E1CC5308 /* Pods-AlinmaPay-AlinmaPayUat.release.xcconfig */;
			buildSettings = {
				ASSETCATALOG_COMPILER_APPICON_NAME = AppIcon;
				CLANG_ENABLE_MODULES = YES;
				"CODE_SIGN_IDENTITY[sdk=iphoneos*]" = "iPhone Distribution";
				CODE_SIGN_STYLE = Manual;
				CURRENT_PROJECT_VERSION = 241006;
				DEVELOPMENT_TEAM = "";
				"DEVELOPMENT_TEAM[sdk=iphoneos*]" = MLW6TX26D9;
				INFOPLIST_FILE = "AlinmaPayUat-Info.plist";
				INFOPLIST_KEY_CFBundleDisplayName = "AlinmaPay-uat";
				LD_RUNPATH_SEARCH_PATHS = (
					"$(inherited)",
					"@executable_path/Frameworks",
				);
				MARKETING_VERSION = 0.0.241006;
				OTHER_LDFLAGS = (
					"$(inherited)",
					"-ObjC",
					"-lc++",
				);
				PRODUCT_BUNDLE_IDENTIFIER = com.alinmapay.consumer.mobile.ent;
				PRODUCT_NAME = "$(TARGET_NAME)";
				PROVISIONING_PROFILE_SPECIFIER = "";
				"PROVISIONING_PROFILE_SPECIFIER[sdk=iphoneos*]" = InHouse_AlinmaPayRN_Ent_ProvProf;
				SUPPORTED_PLATFORMS = "iphoneos iphonesimulator";
				SUPPORTS_MACCATALYST = NO;
				SUPPORTS_MAC_DESIGNED_FOR_IPHONE_IPAD = NO;
				SUPPORTS_XR_DESIGNED_FOR_IPHONE_IPAD = NO;
				SWIFT_VERSION = 5.0;
				TARGETED_DEVICE_FAMILY = 1;
				VERSIONING_SYSTEM = "apple-generic";
			};
			name = Release;
		};
		84267AC12BC1B6D20024F0EA /* Debug */ = {
			isa = XCBuildConfiguration;
			baseConfigurationReference = 977EA1AE9D55930DF7031CCF /* Pods-AlinmaPay-AlinmaPaySit.debug.xcconfig */;
			buildSettings = {
				ASSETCATALOG_COMPILER_APPICON_NAME = AppIcon;
				CLANG_ENABLE_MODULES = YES;
				"CODE_SIGN_ENTITLEMENTS[sdk=*]" = "AlinmaPay-Debug.entitlements";
				CURRENT_PROJECT_VERSION = 1;
				ENABLE_BITCODE = NO;
				INFOPLIST_FILE = "AlinmaPaySit-Info.plist";
				INFOPLIST_KEY_CFBundleDisplayName = "AlinmaPay-sit";
				LD_RUNPATH_SEARCH_PATHS = (
					"$(inherited)",
					"@executable_path/Frameworks",
				);
				MARKETING_VERSION = 1.0;
				OTHER_LDFLAGS = (
					"$(inherited)",
					"-ObjC",
					"-lc++",
				);
				PRODUCT_BUNDLE_IDENTIFIER = com.alinmapay.consumer.mobile.sit;
				PRODUCT_NAME = "$(TARGET_NAME)";
				SUPPORTED_PLATFORMS = "iphoneos iphonesimulator";
				SUPPORTS_MACCATALYST = NO;
				SUPPORTS_MAC_DESIGNED_FOR_IPHONE_IPAD = NO;
				SUPPORTS_XR_DESIGNED_FOR_IPHONE_IPAD = NO;
				SWIFT_OPTIMIZATION_LEVEL = "-Onone";
				SWIFT_VERSION = 5.0;
				TARGETED_DEVICE_FAMILY = 1;
				VERSIONING_SYSTEM = "apple-generic";
			};
			name = Debug;
		};
		84267AC22BC1B6D20024F0EA /* Release */ = {
			isa = XCBuildConfiguration;
			baseConfigurationReference = D7A456876F097058DA76140C /* Pods-AlinmaPay-AlinmaPaySit.release.xcconfig */;
			buildSettings = {
				ASSETCATALOG_COMPILER_APPICON_NAME = AppIcon;
				CLANG_ENABLE_MODULES = YES;
				"CODE_SIGN_ENTITLEMENTS[sdk=*]" = "AlinmaPay-Release.entitlements";
				CURRENT_PROJECT_VERSION = 1;
				INFOPLIST_FILE = "AlinmaPaySit-Info.plist";
				INFOPLIST_KEY_CFBundleDisplayName = "AlinmaPay-sit";
				LD_RUNPATH_SEARCH_PATHS = (
					"$(inherited)",
					"@executable_path/Frameworks",
				);
				MARKETING_VERSION = 1.0;
				OTHER_LDFLAGS = (
					"$(inherited)",
					"-ObjC",
					"-lc++",
				);
				PRODUCT_BUNDLE_IDENTIFIER = com.alinmapay.consumer.mobile.sit;
				PRODUCT_NAME = "$(TARGET_NAME)";
				SUPPORTED_PLATFORMS = "iphoneos iphonesimulator";
				SUPPORTS_MACCATALYST = NO;
				SUPPORTS_MAC_DESIGNED_FOR_IPHONE_IPAD = NO;
				SUPPORTS_XR_DESIGNED_FOR_IPHONE_IPAD = NO;
				SWIFT_VERSION = 5.0;
				TARGETED_DEVICE_FAMILY = 1;
				VERSIONING_SYSTEM = "apple-generic";
			};
			name = Release;
		};
/* End XCBuildConfiguration section */

/* Begin XCConfigurationList section */
		00E357021AD99517003FC87E /* Build configuration list for PBXNativeTarget "AlinmaPayTests" */ = {
			isa = XCConfigurationList;
			buildConfigurations = (
				00E356F61AD99517003FC87E /* Debug */,
				00E356F71AD99517003FC87E /* Release */,
			);
			defaultConfigurationIsVisible = 0;
			defaultConfigurationName = Release;
		};
		13B07F931A680F5B00A75B9A /* Build configuration list for PBXNativeTarget "AlinmaPay" */ = {
			isa = XCConfigurationList;
			buildConfigurations = (
				13B07F941A680F5B00A75B9A /* Debug */,
				13B07F951A680F5B00A75B9A /* Release */,
			);
			defaultConfigurationIsVisible = 0;
			defaultConfigurationName = Release;
		};
		83CBB9FA1A601CBA00E9B192 /* Build configuration list for PBXProject "AlinmaPay" */ = {
			isa = XCConfigurationList;
			buildConfigurations = (
				83CBBA201A601CBA00E9B192 /* Debug */,
				83CBBA211A601CBA00E9B192 /* Release */,
			);
			defaultConfigurationIsVisible = 0;
			defaultConfigurationName = Release;
		};
		84267A8A2BC1AFA20024F0EA /* Build configuration list for PBXNativeTarget "AlinmaPayDev" */ = {
			isa = XCConfigurationList;
			buildConfigurations = (
				84267A8B2BC1AFA20024F0EA /* Debug */,
				84267A8C2BC1AFA20024F0EA /* Release */,
			);
			defaultConfigurationIsVisible = 0;
			defaultConfigurationName = Release;
		};
		84267A9C2BC1B5C00024F0EA /* Build configuration list for PBXNativeTarget "AlinmaPayPreProd" */ = {
			isa = XCConfigurationList;
			buildConfigurations = (
				84267A9D2BC1B5C00024F0EA /* Debug */,
				84267A9E2BC1B5C00024F0EA /* Release */,
			);
			defaultConfigurationIsVisible = 0;
			defaultConfigurationName = Release;
		};
		84267AAE2BC1B65E0024F0EA /* Build configuration list for PBXNativeTarget "AlinmaPayUat" */ = {
			isa = XCConfigurationList;
			buildConfigurations = (
				84267AAF2BC1B65E0024F0EA /* Debug */,
				84267AB02BC1B65E0024F0EA /* Release */,
			);
			defaultConfigurationIsVisible = 0;
			defaultConfigurationName = Release;
		};
		84267AC02BC1B6D20024F0EA /* Build configuration list for PBXNativeTarget "AlinmaPaySit" */ = {
			isa = XCConfigurationList;
			buildConfigurations = (
				84267AC12BC1B6D20024F0EA /* Debug */,
				84267AC22BC1B6D20024F0EA /* Release */,
			);
			defaultConfigurationIsVisible = 0;
			defaultConfigurationName = Release;
		};
/* End XCConfigurationList section */
	};
	rootObject = 83CBB9F71A601CBA00E9B192 /* Project object */;
}
